PODS:
  - AFNetworking (3.2.1):
    - AFNetworking/NSURLSession (= 3.2.1)
    - AFNetworking/Reachability (= 3.2.1)
    - AFNetworking/Security (= 3.2.1)
    - AFNetworking/Serialization (= 3.2.1)
    - AFNetworking/UIKit (= 3.2.1)
  - AFNetworking/NSURLSession (3.2.1):
    - AFNetworking/Reachability
    - AFNetworking/Security
    - AFNetworking/Serialization
  - AFNetworking/Reachability (3.2.1)
  - AFNetworking/Security (3.2.1)
  - AFNetworking/Serialization (3.2.1)
  - AFNetworking/UIKit (3.2.1):
    - AFNetworking/NSURLSession
  - Amplitude-iOS (4.6.0)
  - Crashlytics (3.13.1):
    - Fabric (~> 1.10.1)
  - DropDown (2.3.2)
  - Fabric (1.10.1)
  - GiFHUD-Swift (0.3)
  - GoogleMaps (3.1.0):
    - GoogleMaps/Maps (= 3.1.0)
  - GoogleMaps/Base (3.1.0)
  - GoogleMaps/Maps (3.1.0):
    - GoogleMaps/Base
  - GooglePlaces (3.1.0):
    - GoogleMaps/Base (= 3.1.0)
  - HockeySDK (5.1.4):
    - HockeySDK/DefaultLib (= 5.1.4)
  - HockeySDK/DefaultLib (5.1.4)
  - INTULocationManager (4.3.2)
  - IQKeyboardManagerSwift (6.3.0)
  - Kingfisher (5.5.0)
  - MFSideMenu (0.5.5)
  - PWSwitch (1.1.2)
  - ReachabilitySwift (4.3.1)
  - Realm (3.15.0):
    - Realm/Headers (= 3.15.0)
  - Realm/Headers (3.15.0)
  - RealmSwift (3.15.0):
    - Realm (= 3.15.0)
  - Repeat (0.5.7)
  - SVProgressHUD (2.2.5)
  - ZDCChat (1.4.0):
    - ZDCChat/API (= 1.4.0)
    - ZDCChat/Localization (= 1.4.0)
    - ZDCChat/UI (= 1.4.0)
  - ZDCChat/API (1.4.0)
  - ZDCChat/Localization (1.4.0)
  - ZDCChat/UI (1.4.0):
    - ZDCChat/API
  - ZendeskSDK (2.3.0):
    - ZendeskSDK/Providers (= 2.3.0)
    - ZendeskSDK/UI (= 2.3.0)
  - ZendeskSDK/Core (2.3.0)
  - ZendeskSDK/Providers (2.3.0):
    - ZendeskSDK/Core
  - ZendeskSDK/UI (2.3.0):
    - ZendeskSDK/Core
    - ZendeskSDK/Providers

DEPENDENCIES:
  - AFNetworking (~> 3.0)
  - Amplitude-iOS (~> 4.5)
  - Crashlytics
  - DropDown (= 2.3.2)
  - Fabric
  - GiFHUD-Swift
  - GoogleMaps
  - GooglePlaces
  - HockeySDK (~> 5.1.4)
  - INTULocationManager
  - IQKeyboardManagerSwift
  - Kingfisher (~> 5.0)
  - MFSideMenu
  - PWSwitch
  - ReachabilitySwift
  - RealmSwift
  - Repeat
  - SVProgressHUD
  - ZDCChat
  - ZendeskSDK (= 2.3.0)

SPEC REPOS:
  https://github.com/cocoapods/specs.git:
    - AFNetworking
    - Amplitude-iOS
    - Crashlytics
    - DropDown
    - Fabric
    - GiFHUD-Swift
    - GoogleMaps
    - GooglePlaces
    - HockeySDK
    - INTULocationManager
    - IQKeyboardManagerSwift
    - Kingfisher
    - MFSideMenu
    - PWSwitch
    - ReachabilitySwift
    - Realm
    - RealmSwift
    - Repeat
    - SVProgressHUD
    - ZDCChat
    - ZendeskSDK

SPEC CHECKSUMS:
  AFNetworking: b6f891fdfaed196b46c7a83cf209e09697b94057
  Amplitude-iOS: ac1715ae68104b7a51723209ad574f60ab22ae5f
  Crashlytics: 5aa8e90dcbf2f34898b4f5a0037787531246cca0
  DropDown: 7f87abecc28f9b4edad810fe1211c5c018c257e5
  Fabric: f6f21452846788bb44595d73e9909d79d328e617
  GiFHUD-Swift: 73cc759c387f1ae3d8c7f19f268639dc9720d111
  GoogleMaps: 5c13302e6fe6bb6e686b267196586b91cd594225
  GooglePlaces: e874db179f2675c4f3eeda0b686b540273a578b0
  HockeySDK: 15afe6bc0a5bfe3a531fd73dbf082095f37dac3b
  INTULocationManager: e5dc524611b0cd582f473bc56cc8c389adb2f338
  IQKeyboardManagerSwift: a8228c257614af98743b4cd8584637025f36358f
  Kingfisher: 6fe5e67a90fd335e49b0f5c075ff55ac5ebedd94
  MFSideMenu: 268122e6894f2747fc3a2b48578100b232506c60
  PWSwitch: 399db6ef5dd8417f9a1e9f82cb70602f10a6c38f
  ReachabilitySwift: 4032e2f59586e11e3b0ebe15b167abdd587a388b
  Realm: 9b834e1be6062f544805252c812348872dc5d4ed
  RealmSwift: 8a41886f8ab6efef9eb8df97de2f2bb911561a79
  Repeat: 73c5ee602aed8f3c7bf1aa12d4cd0d3dc3edea0a
  SVProgressHUD: 1428aafac632c1f86f62aa4243ec12008d7a51d6
  ZDCChat: 1def9764647bb81cf71aebd9df38aa4024c52d12
  ZendeskSDK: af6509ad7968d367f95b2645713802712152f879

PODFILE CHECKSUM: 1f8ef33f822906609d63c0950bf1ff23c31c5517

COCOAPODS: 1.5.3
