// !$*UTF8*$!
{
	archiveVersion = 1;
	classes = {
	};
	objectVersion = 50;
	objects = {

/* Begin PBXBuildFile section */
		1D0A881C21CB6E2100187439 /* OTPViewController.swift in Sources */ = {isa = PBXBuildFile; fileRef = 1D0A881B21CB6E2100187439 /* OTPViewController.swift */; };
		1D0A881E21CBC28400187439 /* ScanIDViewController.swift in Sources */ = {isa = PBXBuildFile; fileRef = 1D0A881D21CBC28400187439 /* ScanIDViewController.swift */; };
		1D0A882021CC8BFE00187439 /* SelfieViewController.swift in Sources */ = {isa = PBXBuildFile; fileRef = 1D0A881F21CC8BFE00187439 /* SelfieViewController.swift */; };
		1D0A882221CCC2FA00187439 /* SetPasswordViewController.swift in Sources */ = {isa = PBXBuildFile; fileRef = 1D0A882121CCC2FA00187439 /* SetPasswordViewController.swift */; };
		1D1E5A7221C9C7BE0036E998 /* WelcomeViewController.swift in Sources */ = {isa = PBXBuildFile; fileRef = 1D1E5A7121C9C7BE0036E998 /* WelcomeViewController.swift */; };
		1D3AA52C21E024520075DBD0 /* Auth0.plist in Resources */ = {isa = PBXBuildFile; fileRef = 1D3AA52B21E024520075DBD0 /* Auth0.plist */; };
		1D3AA52F21E35FDC0075DBD0 /* SessionManager.swift in Sources */ = {isa = PBXBuildFile; fileRef = 1D3AA52E21E35FDC0075DBD0 /* SessionManager.swift */; };
		1D3AA53121E36AE80075DBD0 /* Auth0ApiCallManager.swift in Sources */ = {isa = PBXBuildFile; fileRef = 1D3AA53021E36AE80075DBD0 /* Auth0ApiCallManager.swift */; };
		1D51758821C500D300BCF9E4 /* TransactionDetailViewController.swift in Sources */ = {isa = PBXBuildFile; fileRef = 1D51758721C500D300BCF9E4 /* TransactionDetailViewController.swift */; };
		1D51758B21C6700500BCF9E4 /* TransactionDetailHistoryCell.swift in Sources */ = {isa = PBXBuildFile; fileRef = 1D51758921C6700500BCF9E4 /* TransactionDetailHistoryCell.swift */; };
		1D51758C21C6700500BCF9E4 /* TransactionDetailHistoryCell.xib in Resources */ = {isa = PBXBuildFile; fileRef = 1D51758A21C6700500BCF9E4 /* TransactionDetailHistoryCell.xib */; };
		1D51758E21C6706300BCF9E4 /* TransactionDetailHistoryTableHeader.swift in Sources */ = {isa = PBXBuildFile; fileRef = 1D51758D21C6706300BCF9E4 /* TransactionDetailHistoryTableHeader.swift */; };
		1D51759021C6708100BCF9E4 /* TransactionDetailHistoryTableHeader.xib in Resources */ = {isa = PBXBuildFile; fileRef = 1D51758F21C6708100BCF9E4 /* TransactionDetailHistoryTableHeader.xib */; };
		1D67DB0121C7757500AA7F29 /* CALayerExtension.swift in Sources */ = {isa = PBXBuildFile; fileRef = 1D67DB0021C7757500AA7F29 /* CALayerExtension.swift */; };
		1D67DB0321C7A89C00AA7F29 /* UIColorExtension.swift in Sources */ = {isa = PBXBuildFile; fileRef = 1D67DB0221C7A89C00AA7F29 /* UIColorExtension.swift */; };
		1D67DB0521C7B56F00AA7F29 /* LabelWithLetterSpace.swift in Sources */ = {isa = PBXBuildFile; fileRef = 1D67DB0421C7B56F00AA7F29 /* LabelWithLetterSpace.swift */; };
		1D790E0821D33A6A0088107A /* Validations.swift in Sources */ = {isa = PBXBuildFile; fileRef = 1D790E0721D33A6A0088107A /* Validations.swift */; };
		1D790E0A21D355450088107A /* ScanIDOptionsView.swift in Sources */ = {isa = PBXBuildFile; fileRef = 1D790E0921D355450088107A /* ScanIDOptionsView.swift */; };
		1D790E0C21D366C60088107A /* UIButtonWithSpacing.swift in Sources */ = {isa = PBXBuildFile; fileRef = 1D790E0B21D366C60088107A /* UIButtonWithSpacing.swift */; };
		1D790E0E21D393D10088107A /* CameraHandler.swift in Sources */ = {isa = PBXBuildFile; fileRef = 1D790E0D21D393D10088107A /* CameraHandler.swift */; };
		1D790E1021D4A3F30088107A /* MobileCoreServices.framework in Frameworks */ = {isa = PBXBuildFile; fileRef = 1D790E0F21D4A3F30088107A /* MobileCoreServices.framework */; };
		1D8189F421C0AF96000C8F5F /* HomeViewController.swift in Sources */ = {isa = PBXBuildFile; fileRef = 1D8189F321C0AF96000C8F5F /* HomeViewController.swift */; };
		1D8189F621C0B0CF000C8F5F /* UIViewExtension.swift in Sources */ = {isa = PBXBuildFile; fileRef = 1D8189F521C0B0CF000C8F5F /* UIViewExtension.swift */; };
		1D8189F821C0CC6F000C8F5F /* GradientView.swift in Sources */ = {isa = PBXBuildFile; fileRef = 1D8189F721C0CC6F000C8F5F /* GradientView.swift */; };
		1D8189FE21C0E063000C8F5F /* Calibri Bold.ttf in Resources */ = {isa = PBXBuildFile; fileRef = 1D8189FA21C0E062000C8F5F /* Calibri Bold.ttf */; };
		1D8189FF21C0E063000C8F5F /* Calibri.ttf in Resources */ = {isa = PBXBuildFile; fileRef = 1D8189FB21C0E062000C8F5F /* Calibri.ttf */; };
		1D818A0021C0E063000C8F5F /* Calibri Bold Italic.ttf in Resources */ = {isa = PBXBuildFile; fileRef = 1D8189FC21C0E063000C8F5F /* Calibri Bold Italic.ttf */; };
		1D818A0121C0E063000C8F5F /* Calibri Italic.ttf in Resources */ = {isa = PBXBuildFile; fileRef = 1D8189FD21C0E063000C8F5F /* Calibri Italic.ttf */; };
		1D818A0421C105BC000C8F5F /* HomeTableCell.swift in Sources */ = {isa = PBXBuildFile; fileRef = 1D818A0221C105BC000C8F5F /* HomeTableCell.swift */; };
		1D818A0521C105BC000C8F5F /* HomeTableCell.xib in Resources */ = {isa = PBXBuildFile; fileRef = 1D818A0321C105BC000C8F5F /* HomeTableCell.xib */; };
		1D818A0721C1063B000C8F5F /* HomeTableSectionCell.swift in Sources */ = {isa = PBXBuildFile; fileRef = 1D818A0621C1063B000C8F5F /* HomeTableSectionCell.swift */; };
		1D818A0921C1065A000C8F5F /* HomeTableSectionCell.xib in Resources */ = {isa = PBXBuildFile; fileRef = 1D818A0821C1065A000C8F5F /* HomeTableSectionCell.xib */; };
		1D818A0B21C10E3E000C8F5F /* UITableViewExtension.swift in Sources */ = {isa = PBXBuildFile; fileRef = 1D818A0A21C10E3E000C8F5F /* UITableViewExtension.swift */; };
		1D818A0D21C17DE4000C8F5F /* HomeDelegate.swift in Sources */ = {isa = PBXBuildFile; fileRef = 1D818A0C21C17DE4000C8F5F /* HomeDelegate.swift */; };
		1D818A0F21C17F35000C8F5F /* HomePresenter.swift in Sources */ = {isa = PBXBuildFile; fileRef = 1D818A0E21C17F35000C8F5F /* HomePresenter.swift */; };
		1D818A1121C22762000C8F5F /* HomeLedgerRequestModel.swift in Sources */ = {isa = PBXBuildFile; fileRef = 1D818A1021C22762000C8F5F /* HomeLedgerRequestModel.swift */; };
		1D818A1321C22987000C8F5F /* HomeTransactionListBusinessLogic.swift in Sources */ = {isa = PBXBuildFile; fileRef = 1D818A1221C22987000C8F5F /* HomeTransactionListBusinessLogic.swift */; };
		1D818A1521C22A67000C8F5F /* TransactionListApiRequest.swift in Sources */ = {isa = PBXBuildFile; fileRef = 1D818A1421C22A67000C8F5F /* TransactionListApiRequest.swift */; };
		1D818A1821C239B6000C8F5F /* Transaction.swift in Sources */ = {isa = PBXBuildFile; fileRef = 1D818A1721C239B6000C8F5F /* Transaction.swift */; };
		1D818A1A21C23DBD000C8F5F /* Address.swift in Sources */ = {isa = PBXBuildFile; fileRef = 1D818A1921C23DBD000C8F5F /* Address.swift */; };
		1D818A1C21C24207000C8F5F /* TransactionPrintout.swift in Sources */ = {isa = PBXBuildFile; fileRef = 1D818A1B21C24207000C8F5F /* TransactionPrintout.swift */; };
		1D818A1E21C3BAE9000C8F5F /* TransactionListModel.swift in Sources */ = {isa = PBXBuildFile; fileRef = 1D818A1D21C3BAE9000C8F5F /* TransactionListModel.swift */; };
		1D908FD021CCF5B3005C96BB /* VerifyAddressViewController.swift in Sources */ = {isa = PBXBuildFile; fileRef = 1D908FCF21CCF5B3005C96BB /* VerifyAddressViewController.swift */; };
		1D908FD221CCF837005C96BB /* AllDoneViewController.swift in Sources */ = {isa = PBXBuildFile; fileRef = 1D908FD121CCF837005C96BB /* AllDoneViewController.swift */; };
		1D9EFE0321C8DCD7004C1C77 /* CAGradientLayerExtension.swift in Sources */ = {isa = PBXBuildFile; fileRef = 1D9EFE0221C8DCD7004C1C77 /* CAGradientLayerExtension.swift */; };
		1D9EFE0521C8DCEC004C1C77 /* UINavigationBarExtenion.swift in Sources */ = {isa = PBXBuildFile; fileRef = 1D9EFE0421C8DCEC004C1C77 /* UINavigationBarExtenion.swift */; };
		1D9EFE0721C92593004C1C77 /* CoreLocation.framework in Frameworks */ = {isa = PBXBuildFile; fileRef = 1D9EFE0621C92592004C1C77 /* CoreLocation.framework */; };
		1D9EFE0921C9259D004C1C77 /* CoreData.framework in Frameworks */ = {isa = PBXBuildFile; fileRef = 1D9EFE0821C9259C004C1C77 /* CoreData.framework */; };
		1DE34AB221CA2D5A007F9320 /* SignUpFormViewController.swift in Sources */ = {isa = PBXBuildFile; fileRef = 1DE34AB121CA2D5A007F9320 /* SignUpFormViewController.swift */; };
		1DE34AB421CA5A77007F9320 /* UITextFieldExtension.swift in Sources */ = {isa = PBXBuildFile; fileRef = 1DE34AB321CA5A77007F9320 /* UITextFieldExtension.swift */; };
		1DFE47FD21D5F129003EFECA /* Colors.swift in Sources */ = {isa = PBXBuildFile; fileRef = 1DFE47FC21D5F129003EFECA /* Colors.swift */; };
		1DFE480321D735F4003EFECA /* PhoneVerificationRequestMobel.swift in Sources */ = {isa = PBXBuildFile; fileRef = 1DFE480221D735F4003EFECA /* PhoneVerificationRequestMobel.swift */; };
		1DFE480521D73625003EFECA /* PhoneVerificationStartAPIRequest.swift in Sources */ = {isa = PBXBuildFile; fileRef = 1DFE480421D73625003EFECA /* PhoneVerificationStartAPIRequest.swift */; };
		1DFE480721D739BC003EFECA /* PhoneVerificationBusinessLogic.swift in Sources */ = {isa = PBXBuildFile; fileRef = 1DFE480621D739BC003EFECA /* PhoneVerificationBusinessLogic.swift */; };
		1DFE480921D7446C003EFECA /* PhoneVerificationStartPresenter.swift in Sources */ = {isa = PBXBuildFile; fileRef = 1DFE480821D7446C003EFECA /* PhoneVerificationStartPresenter.swift */; };
		1DFE480B21D745DF003EFECA /* PhoneVerificationDelegate.swift in Sources */ = {isa = PBXBuildFile; fileRef = 1DFE480A21D745DF003EFECA /* PhoneVerificationDelegate.swift */; };
		1DFE480D21D9F4E0003EFECA /* PhoneVerifyStart.swift in Sources */ = {isa = PBXBuildFile; fileRef = 1DFE480C21D9F4E0003EFECA /* PhoneVerifyStart.swift */; };
		1DFE480F21D9F894003EFECA /* PhoneVerificationCheckPresenter.swift in Sources */ = {isa = PBXBuildFile; fileRef = 1DFE480E21D9F894003EFECA /* PhoneVerificationCheckPresenter.swift */; };
		1DFE481121DA393A003EFECA /* PhoneVerificationCheckAPIRequest.swift in Sources */ = {isa = PBXBuildFile; fileRef = 1DFE481021DA393A003EFECA /* PhoneVerificationCheckAPIRequest.swift */; };
		1DFE481321DA3ACE003EFECA /* PhoneVerifyCheck.swift in Sources */ = {isa = PBXBuildFile; fileRef = 1DFE481221DA3ACE003EFECA /* PhoneVerifyCheck.swift */; };
		297FB99E21B51A32008D60CE /* AppDelegate.swift in Sources */ = {isa = PBXBuildFile; fileRef = 297FB99D21B51A32008D60CE /* AppDelegate.swift */; };
		297FB9A021B51A32008D60CE /* ViewController.swift in Sources */ = {isa = PBXBuildFile; fileRef = 297FB99F21B51A32008D60CE /* ViewController.swift */; };
		297FB9A321B51A32008D60CE /* Main.storyboard in Resources */ = {isa = PBXBuildFile; fileRef = 297FB9A121B51A32008D60CE /* Main.storyboard */; };
		297FB9A521B51A34008D60CE /* Assets.xcassets in Resources */ = {isa = PBXBuildFile; fileRef = 297FB9A421B51A34008D60CE /* Assets.xcassets */; };
		297FB9A821B51A34008D60CE /* LaunchScreen.storyboard in Resources */ = {isa = PBXBuildFile; fileRef = 297FB9A621B51A34008D60CE /* LaunchScreen.storyboard */; };
		297FB9B321B51A34008D60CE /* NorthLoopFinTests.swift in Sources */ = {isa = PBXBuildFile; fileRef = 297FB9B221B51A34008D60CE /* NorthLoopFinTests.swift */; };
		297FB9BE21B51A34008D60CE /* NorthLoopFinUITests.swift in Sources */ = {isa = PBXBuildFile; fileRef = 297FB9BD21B51A34008D60CE /* NorthLoopFinUITests.swift */; };
		297FB9CD21B52E99008D60CE /* AppLaunchSetup.swift in Sources */ = {isa = PBXBuildFile; fileRef = 297FB9CC21B52E99008D60CE /* AppLaunchSetup.swift */; };
		297FB9D021B53211008D60CE /* ReachabilityManager.swift in Sources */ = {isa = PBXBuildFile; fileRef = 297FB9CF21B53211008D60CE /* ReachabilityManager.swift */; };
		297FB9D321B5322D008D60CE /* BaseViewController.swift in Sources */ = {isa = PBXBuildFile; fileRef = 297FB9D121B5322D008D60CE /* BaseViewController.swift */; };
		297FB9D421B5322D008D60CE /* BaseViewProtocol.swift in Sources */ = {isa = PBXBuildFile; fileRef = 297FB9D221B5322D008D60CE /* BaseViewProtocol.swift */; };
		297FB9D921B55465008D60CE /* ApiRequestProtocol.swift in Sources */ = {isa = PBXBuildFile; fileRef = 297FB9D821B55465008D60CE /* ApiRequestProtocol.swift */; };
		297FB9DF21B55484008D60CE /* ResponseCallback.swift in Sources */ = {isa = PBXBuildFile; fileRef = 297FB9DC21B55484008D60CE /* ResponseCallback.swift */; };
		297FB9E021B55484008D60CE /* ServiceManager.swift in Sources */ = {isa = PBXBuildFile; fileRef = 297FB9DD21B55484008D60CE /* ServiceManager.swift */; };
		297FB9E121B55484008D60CE /* ResponseWrapper.swift in Sources */ = {isa = PBXBuildFile; fileRef = 297FB9DE21B55484008D60CE /* ResponseWrapper.swift */; };
		297FB9E721B554F8008D60CE /* ErrorTransformer.swift in Sources */ = {isa = PBXBuildFile; fileRef = 297FB9E321B554F8008D60CE /* ErrorTransformer.swift */; };
		297FB9E821B554F8008D60CE /* ErrorCodes.swift in Sources */ = {isa = PBXBuildFile; fileRef = 297FB9E421B554F8008D60CE /* ErrorCodes.swift */; };
		297FB9E921B554F8008D60CE /* ErrorResolver.swift in Sources */ = {isa = PBXBuildFile; fileRef = 297FB9E521B554F8008D60CE /* ErrorResolver.swift */; };
		297FB9EA21B554F8008D60CE /* ErrorModel.swift in Sources */ = {isa = PBXBuildFile; fileRef = 297FB9E621B554F8008D60CE /* ErrorModel.swift */; };
		297FB9F921B65240008D60CE /* AppConstants.swift in Sources */ = {isa = PBXBuildFile; fileRef = 297FB9F721B65240008D60CE /* AppConstants.swift */; };
		297FB9FA21B65240008D60CE /* AppUtility.swift in Sources */ = {isa = PBXBuildFile; fileRef = 297FB9F821B65240008D60CE /* AppUtility.swift */; };
		2985E5A721B6640500CCA2AB /* Staging.xcconfig in Resources */ = {isa = PBXBuildFile; fileRef = 297FB9F421B64EE0008D60CE /* Staging.xcconfig */; };
		2985E5A821B6640B00CCA2AB /* Production.xcconfig in Resources */ = {isa = PBXBuildFile; fileRef = 297FB9F521B64EF4008D60CE /* Production.xcconfig */; };
		61B88BE40F88EDFCFD2B93BD /* Pods_NorthLoopFinTests.framework in Frameworks */ = {isa = PBXBuildFile; fileRef = 74161144440DBE27B92E1ED2 /* Pods_NorthLoopFinTests.framework */; };
		E6A1ACCA12D73B5988A6E8ED /* Pods_NorthLoopFinUITests.framework in Frameworks */ = {isa = PBXBuildFile; fileRef = 8F0F06B96BCCCE02E43D19E7 /* Pods_NorthLoopFinUITests.framework */; };
		EB8617AFB8E38CB8A49D5549 /* Pods_NorthLoopFin.framework in Frameworks */ = {isa = PBXBuildFile; fileRef = 8F232E2216D9A5754838CFA9 /* Pods_NorthLoopFin.framework */; };
/* End PBXBuildFile section */

/* Begin PBXContainerItemProxy section */
		297FB9AF21B51A34008D60CE /* PBXContainerItemProxy */ = {
			isa = PBXContainerItemProxy;
			containerPortal = 297FB99221B51A32008D60CE /* Project object */;
			proxyType = 1;
			remoteGlobalIDString = 297FB99921B51A32008D60CE;
			remoteInfo = NorthLoopFin;
		};
		297FB9BA21B51A34008D60CE /* PBXContainerItemProxy */ = {
			isa = PBXContainerItemProxy;
			containerPortal = 297FB99221B51A32008D60CE /* Project object */;
			proxyType = 1;
			remoteGlobalIDString = 297FB99921B51A32008D60CE;
			remoteInfo = NorthLoopFin;
		};
/* End PBXContainerItemProxy section */

/* Begin PBXFileReference section */
		1D0A881B21CB6E2100187439 /* OTPViewController.swift */ = {isa = PBXFileReference; lastKnownFileType = sourcecode.swift; path = OTPViewController.swift; sourceTree = "<group>"; };
		1D0A881D21CBC28400187439 /* ScanIDViewController.swift */ = {isa = PBXFileReference; lastKnownFileType = sourcecode.swift; path = ScanIDViewController.swift; sourceTree = "<group>"; };
		1D0A881F21CC8BFE00187439 /* SelfieViewController.swift */ = {isa = PBXFileReference; lastKnownFileType = sourcecode.swift; path = SelfieViewController.swift; sourceTree = "<group>"; };
		1D0A882121CCC2FA00187439 /* SetPasswordViewController.swift */ = {isa = PBXFileReference; lastKnownFileType = sourcecode.swift; path = SetPasswordViewController.swift; sourceTree = "<group>"; };
		1D1E5A7121C9C7BE0036E998 /* WelcomeViewController.swift */ = {isa = PBXFileReference; lastKnownFileType = sourcecode.swift; path = WelcomeViewController.swift; sourceTree = "<group>"; };
		1D3AA52B21E024520075DBD0 /* Auth0.plist */ = {isa = PBXFileReference; fileEncoding = 4; lastKnownFileType = text.plist.xml; path = Auth0.plist; sourceTree = "<group>"; };
		1D3AA52E21E35FDC0075DBD0 /* SessionManager.swift */ = {isa = PBXFileReference; fileEncoding = 4; lastKnownFileType = sourcecode.swift; path = SessionManager.swift; sourceTree = "<group>"; };
		1D3AA53021E36AE80075DBD0 /* Auth0ApiCallManager.swift */ = {isa = PBXFileReference; lastKnownFileType = sourcecode.swift; path = Auth0ApiCallManager.swift; sourceTree = "<group>"; };
		1D51758721C500D300BCF9E4 /* TransactionDetailViewController.swift */ = {isa = PBXFileReference; lastKnownFileType = sourcecode.swift; path = TransactionDetailViewController.swift; sourceTree = "<group>"; };
		1D51758921C6700500BCF9E4 /* TransactionDetailHistoryCell.swift */ = {isa = PBXFileReference; lastKnownFileType = sourcecode.swift; path = TransactionDetailHistoryCell.swift; sourceTree = "<group>"; };
		1D51758A21C6700500BCF9E4 /* TransactionDetailHistoryCell.xib */ = {isa = PBXFileReference; lastKnownFileType = file.xib; path = TransactionDetailHistoryCell.xib; sourceTree = "<group>"; };
		1D51758D21C6706300BCF9E4 /* TransactionDetailHistoryTableHeader.swift */ = {isa = PBXFileReference; lastKnownFileType = sourcecode.swift; path = TransactionDetailHistoryTableHeader.swift; sourceTree = "<group>"; };
		1D51758F21C6708100BCF9E4 /* TransactionDetailHistoryTableHeader.xib */ = {isa = PBXFileReference; lastKnownFileType = file.xib; path = TransactionDetailHistoryTableHeader.xib; sourceTree = "<group>"; };
		1D67DB0021C7757500AA7F29 /* CALayerExtension.swift */ = {isa = PBXFileReference; lastKnownFileType = sourcecode.swift; path = CALayerExtension.swift; sourceTree = "<group>"; };
		1D67DB0221C7A89C00AA7F29 /* UIColorExtension.swift */ = {isa = PBXFileReference; lastKnownFileType = sourcecode.swift; path = UIColorExtension.swift; sourceTree = "<group>"; };
		1D67DB0421C7B56F00AA7F29 /* LabelWithLetterSpace.swift */ = {isa = PBXFileReference; lastKnownFileType = sourcecode.swift; path = LabelWithLetterSpace.swift; sourceTree = "<group>"; };
		1D790E0721D33A6A0088107A /* Validations.swift */ = {isa = PBXFileReference; lastKnownFileType = sourcecode.swift; path = Validations.swift; sourceTree = "<group>"; };
		1D790E0921D355450088107A /* ScanIDOptionsView.swift */ = {isa = PBXFileReference; lastKnownFileType = sourcecode.swift; path = ScanIDOptionsView.swift; sourceTree = "<group>"; };
		1D790E0B21D366C60088107A /* UIButtonWithSpacing.swift */ = {isa = PBXFileReference; lastKnownFileType = sourcecode.swift; path = UIButtonWithSpacing.swift; sourceTree = "<group>"; };
		1D790E0D21D393D10088107A /* CameraHandler.swift */ = {isa = PBXFileReference; lastKnownFileType = sourcecode.swift; path = CameraHandler.swift; sourceTree = "<group>"; };
		1D790E0F21D4A3F30088107A /* MobileCoreServices.framework */ = {isa = PBXFileReference; lastKnownFileType = wrapper.framework; name = MobileCoreServices.framework; path = System/Library/Frameworks/MobileCoreServices.framework; sourceTree = SDKROOT; };
		1D8189F321C0AF96000C8F5F /* HomeViewController.swift */ = {isa = PBXFileReference; lastKnownFileType = sourcecode.swift; path = HomeViewController.swift; sourceTree = "<group>"; };
		1D8189F521C0B0CF000C8F5F /* UIViewExtension.swift */ = {isa = PBXFileReference; lastKnownFileType = sourcecode.swift; path = UIViewExtension.swift; sourceTree = "<group>"; };
		1D8189F721C0CC6F000C8F5F /* GradientView.swift */ = {isa = PBXFileReference; lastKnownFileType = sourcecode.swift; path = GradientView.swift; sourceTree = "<group>"; };
		1D8189FA21C0E062000C8F5F /* Calibri Bold.ttf */ = {isa = PBXFileReference; lastKnownFileType = file; path = "Calibri Bold.ttf"; sourceTree = "<group>"; };
		1D8189FB21C0E062000C8F5F /* Calibri.ttf */ = {isa = PBXFileReference; lastKnownFileType = file; path = Calibri.ttf; sourceTree = "<group>"; };
		1D8189FC21C0E063000C8F5F /* Calibri Bold Italic.ttf */ = {isa = PBXFileReference; lastKnownFileType = file; path = "Calibri Bold Italic.ttf"; sourceTree = "<group>"; };
		1D8189FD21C0E063000C8F5F /* Calibri Italic.ttf */ = {isa = PBXFileReference; lastKnownFileType = file; path = "Calibri Italic.ttf"; sourceTree = "<group>"; };
		1D818A0221C105BC000C8F5F /* HomeTableCell.swift */ = {isa = PBXFileReference; lastKnownFileType = sourcecode.swift; path = HomeTableCell.swift; sourceTree = "<group>"; };
		1D818A0321C105BC000C8F5F /* HomeTableCell.xib */ = {isa = PBXFileReference; lastKnownFileType = file.xib; path = HomeTableCell.xib; sourceTree = "<group>"; };
		1D818A0621C1063B000C8F5F /* HomeTableSectionCell.swift */ = {isa = PBXFileReference; lastKnownFileType = sourcecode.swift; path = HomeTableSectionCell.swift; sourceTree = "<group>"; };
		1D818A0821C1065A000C8F5F /* HomeTableSectionCell.xib */ = {isa = PBXFileReference; lastKnownFileType = file.xib; path = HomeTableSectionCell.xib; sourceTree = "<group>"; };
		1D818A0A21C10E3E000C8F5F /* UITableViewExtension.swift */ = {isa = PBXFileReference; fileEncoding = 4; lastKnownFileType = sourcecode.swift; path = UITableViewExtension.swift; sourceTree = "<group>"; };
		1D818A0C21C17DE4000C8F5F /* HomeDelegate.swift */ = {isa = PBXFileReference; lastKnownFileType = sourcecode.swift; path = HomeDelegate.swift; sourceTree = "<group>"; };
		1D818A0E21C17F35000C8F5F /* HomePresenter.swift */ = {isa = PBXFileReference; lastKnownFileType = sourcecode.swift; path = HomePresenter.swift; sourceTree = "<group>"; };
		1D818A1021C22762000C8F5F /* HomeLedgerRequestModel.swift */ = {isa = PBXFileReference; lastKnownFileType = sourcecode.swift; path = HomeLedgerRequestModel.swift; sourceTree = "<group>"; };
		1D818A1221C22987000C8F5F /* HomeTransactionListBusinessLogic.swift */ = {isa = PBXFileReference; lastKnownFileType = sourcecode.swift; path = HomeTransactionListBusinessLogic.swift; sourceTree = "<group>"; };
		1D818A1421C22A67000C8F5F /* TransactionListApiRequest.swift */ = {isa = PBXFileReference; lastKnownFileType = sourcecode.swift; path = TransactionListApiRequest.swift; sourceTree = "<group>"; };
		1D818A1721C239B6000C8F5F /* Transaction.swift */ = {isa = PBXFileReference; lastKnownFileType = sourcecode.swift; path = Transaction.swift; sourceTree = "<group>"; };
		1D818A1921C23DBD000C8F5F /* Address.swift */ = {isa = PBXFileReference; lastKnownFileType = sourcecode.swift; path = Address.swift; sourceTree = "<group>"; };
		1D818A1B21C24207000C8F5F /* TransactionPrintout.swift */ = {isa = PBXFileReference; lastKnownFileType = sourcecode.swift; path = TransactionPrintout.swift; sourceTree = "<group>"; };
		1D818A1D21C3BAE9000C8F5F /* TransactionListModel.swift */ = {isa = PBXFileReference; lastKnownFileType = sourcecode.swift; path = TransactionListModel.swift; sourceTree = "<group>"; };
		1D908FCF21CCF5B3005C96BB /* VerifyAddressViewController.swift */ = {isa = PBXFileReference; lastKnownFileType = sourcecode.swift; path = VerifyAddressViewController.swift; sourceTree = "<group>"; };
		1D908FD121CCF837005C96BB /* AllDoneViewController.swift */ = {isa = PBXFileReference; lastKnownFileType = sourcecode.swift; path = AllDoneViewController.swift; sourceTree = "<group>"; };
		1D9EFE0221C8DCD7004C1C77 /* CAGradientLayerExtension.swift */ = {isa = PBXFileReference; lastKnownFileType = sourcecode.swift; path = CAGradientLayerExtension.swift; sourceTree = "<group>"; };
		1D9EFE0421C8DCEC004C1C77 /* UINavigationBarExtenion.swift */ = {isa = PBXFileReference; lastKnownFileType = sourcecode.swift; path = UINavigationBarExtenion.swift; sourceTree = "<group>"; };
		1D9EFE0621C92592004C1C77 /* CoreLocation.framework */ = {isa = PBXFileReference; lastKnownFileType = wrapper.framework; name = CoreLocation.framework; path = System/Library/Frameworks/CoreLocation.framework; sourceTree = SDKROOT; };
		1D9EFE0821C9259C004C1C77 /* CoreData.framework */ = {isa = PBXFileReference; lastKnownFileType = wrapper.framework; name = CoreData.framework; path = System/Library/Frameworks/CoreData.framework; sourceTree = SDKROOT; };
		1DE34AB121CA2D5A007F9320 /* SignUpFormViewController.swift */ = {isa = PBXFileReference; lastKnownFileType = sourcecode.swift; path = SignUpFormViewController.swift; sourceTree = "<group>"; };
		1DE34AB321CA5A77007F9320 /* UITextFieldExtension.swift */ = {isa = PBXFileReference; lastKnownFileType = sourcecode.swift; path = UITextFieldExtension.swift; sourceTree = "<group>"; };
		1DFE47FC21D5F129003EFECA /* Colors.swift */ = {isa = PBXFileReference; lastKnownFileType = sourcecode.swift; path = Colors.swift; sourceTree = "<group>"; };
		1DFE480221D735F4003EFECA /* PhoneVerificationRequestMobel.swift */ = {isa = PBXFileReference; lastKnownFileType = sourcecode.swift; path = PhoneVerificationRequestMobel.swift; sourceTree = "<group>"; };
		1DFE480421D73625003EFECA /* PhoneVerificationStartAPIRequest.swift */ = {isa = PBXFileReference; lastKnownFileType = sourcecode.swift; path = PhoneVerificationStartAPIRequest.swift; sourceTree = "<group>"; };
		1DFE480621D739BC003EFECA /* PhoneVerificationBusinessLogic.swift */ = {isa = PBXFileReference; lastKnownFileType = sourcecode.swift; path = PhoneVerificationBusinessLogic.swift; sourceTree = "<group>"; };
		1DFE480821D7446C003EFECA /* PhoneVerificationStartPresenter.swift */ = {isa = PBXFileReference; lastKnownFileType = sourcecode.swift; path = PhoneVerificationStartPresenter.swift; sourceTree = "<group>"; };
		1DFE480A21D745DF003EFECA /* PhoneVerificationDelegate.swift */ = {isa = PBXFileReference; lastKnownFileType = sourcecode.swift; path = PhoneVerificationDelegate.swift; sourceTree = "<group>"; };
		1DFE480C21D9F4E0003EFECA /* PhoneVerifyStart.swift */ = {isa = PBXFileReference; lastKnownFileType = sourcecode.swift; path = PhoneVerifyStart.swift; sourceTree = "<group>"; };
		1DFE480E21D9F894003EFECA /* PhoneVerificationCheckPresenter.swift */ = {isa = PBXFileReference; lastKnownFileType = sourcecode.swift; path = PhoneVerificationCheckPresenter.swift; sourceTree = "<group>"; };
		1DFE481021DA393A003EFECA /* PhoneVerificationCheckAPIRequest.swift */ = {isa = PBXFileReference; lastKnownFileType = sourcecode.swift; path = PhoneVerificationCheckAPIRequest.swift; sourceTree = "<group>"; };
		1DFE481221DA3ACE003EFECA /* PhoneVerifyCheck.swift */ = {isa = PBXFileReference; lastKnownFileType = sourcecode.swift; path = PhoneVerifyCheck.swift; sourceTree = "<group>"; };
		235F5AAA9380A8FB754C58D2 /* Pods-NorthLoopFinTests.debug.xcconfig */ = {isa = PBXFileReference; includeInIndex = 1; lastKnownFileType = text.xcconfig; name = "Pods-NorthLoopFinTests.debug.xcconfig"; path = "Pods/Target Support Files/Pods-NorthLoopFinTests/Pods-NorthLoopFinTests.debug.xcconfig"; sourceTree = "<group>"; };
		297FB99A21B51A32008D60CE /* NorthLoopFin.app */ = {isa = PBXFileReference; explicitFileType = wrapper.application; includeInIndex = 0; path = NorthLoopFin.app; sourceTree = BUILT_PRODUCTS_DIR; };
		297FB99D21B51A32008D60CE /* AppDelegate.swift */ = {isa = PBXFileReference; lastKnownFileType = sourcecode.swift; path = AppDelegate.swift; sourceTree = "<group>"; };
		297FB99F21B51A32008D60CE /* ViewController.swift */ = {isa = PBXFileReference; lastKnownFileType = sourcecode.swift; path = ViewController.swift; sourceTree = "<group>"; };
		297FB9A221B51A32008D60CE /* Base */ = {isa = PBXFileReference; lastKnownFileType = file.storyboard; name = Base; path = Base.lproj/Main.storyboard; sourceTree = "<group>"; };
		297FB9A421B51A34008D60CE /* Assets.xcassets */ = {isa = PBXFileReference; lastKnownFileType = folder.assetcatalog; path = Assets.xcassets; sourceTree = "<group>"; };
		297FB9A721B51A34008D60CE /* Base */ = {isa = PBXFileReference; lastKnownFileType = file.storyboard; name = Base; path = Base.lproj/LaunchScreen.storyboard; sourceTree = "<group>"; };
		297FB9A921B51A34008D60CE /* Info.plist */ = {isa = PBXFileReference; lastKnownFileType = text.plist.xml; path = Info.plist; sourceTree = "<group>"; };
		297FB9AE21B51A34008D60CE /* NorthLoopFinTests.xctest */ = {isa = PBXFileReference; explicitFileType = wrapper.cfbundle; includeInIndex = 0; path = NorthLoopFinTests.xctest; sourceTree = BUILT_PRODUCTS_DIR; };
		297FB9B221B51A34008D60CE /* NorthLoopFinTests.swift */ = {isa = PBXFileReference; lastKnownFileType = sourcecode.swift; path = NorthLoopFinTests.swift; sourceTree = "<group>"; };
		297FB9B421B51A34008D60CE /* Info.plist */ = {isa = PBXFileReference; lastKnownFileType = text.plist.xml; path = Info.plist; sourceTree = "<group>"; };
		297FB9B921B51A34008D60CE /* NorthLoopFinUITests.xctest */ = {isa = PBXFileReference; explicitFileType = wrapper.cfbundle; includeInIndex = 0; path = NorthLoopFinUITests.xctest; sourceTree = BUILT_PRODUCTS_DIR; };
		297FB9BD21B51A34008D60CE /* NorthLoopFinUITests.swift */ = {isa = PBXFileReference; lastKnownFileType = sourcecode.swift; path = NorthLoopFinUITests.swift; sourceTree = "<group>"; };
		297FB9BF21B51A34008D60CE /* Info.plist */ = {isa = PBXFileReference; lastKnownFileType = text.plist.xml; path = Info.plist; sourceTree = "<group>"; };
		297FB9CC21B52E99008D60CE /* AppLaunchSetup.swift */ = {isa = PBXFileReference; fileEncoding = 4; lastKnownFileType = sourcecode.swift; path = AppLaunchSetup.swift; sourceTree = "<group>"; };
		297FB9CF21B53211008D60CE /* ReachabilityManager.swift */ = {isa = PBXFileReference; fileEncoding = 4; lastKnownFileType = sourcecode.swift; path = ReachabilityManager.swift; sourceTree = "<group>"; };
		297FB9D121B5322D008D60CE /* BaseViewController.swift */ = {isa = PBXFileReference; fileEncoding = 4; lastKnownFileType = sourcecode.swift; path = BaseViewController.swift; sourceTree = "<group>"; };
		297FB9D221B5322D008D60CE /* BaseViewProtocol.swift */ = {isa = PBXFileReference; fileEncoding = 4; lastKnownFileType = sourcecode.swift; path = BaseViewProtocol.swift; sourceTree = "<group>"; };
		297FB9D821B55465008D60CE /* ApiRequestProtocol.swift */ = {isa = PBXFileReference; fileEncoding = 4; lastKnownFileType = sourcecode.swift; path = ApiRequestProtocol.swift; sourceTree = "<group>"; };
		297FB9DC21B55484008D60CE /* ResponseCallback.swift */ = {isa = PBXFileReference; fileEncoding = 4; lastKnownFileType = sourcecode.swift; path = ResponseCallback.swift; sourceTree = "<group>"; };
		297FB9DD21B55484008D60CE /* ServiceManager.swift */ = {isa = PBXFileReference; fileEncoding = 4; lastKnownFileType = sourcecode.swift; path = ServiceManager.swift; sourceTree = "<group>"; };
		297FB9DE21B55484008D60CE /* ResponseWrapper.swift */ = {isa = PBXFileReference; fileEncoding = 4; lastKnownFileType = sourcecode.swift; path = ResponseWrapper.swift; sourceTree = "<group>"; };
		297FB9E321B554F8008D60CE /* ErrorTransformer.swift */ = {isa = PBXFileReference; fileEncoding = 4; lastKnownFileType = sourcecode.swift; path = ErrorTransformer.swift; sourceTree = "<group>"; };
		297FB9E421B554F8008D60CE /* ErrorCodes.swift */ = {isa = PBXFileReference; fileEncoding = 4; lastKnownFileType = sourcecode.swift; path = ErrorCodes.swift; sourceTree = "<group>"; };
		297FB9E521B554F8008D60CE /* ErrorResolver.swift */ = {isa = PBXFileReference; fileEncoding = 4; lastKnownFileType = sourcecode.swift; path = ErrorResolver.swift; sourceTree = "<group>"; };
		297FB9E621B554F8008D60CE /* ErrorModel.swift */ = {isa = PBXFileReference; fileEncoding = 4; lastKnownFileType = sourcecode.swift; path = ErrorModel.swift; sourceTree = "<group>"; };
		297FB9F421B64EE0008D60CE /* Staging.xcconfig */ = {isa = PBXFileReference; lastKnownFileType = text.xcconfig; path = Staging.xcconfig; sourceTree = "<group>"; };
		297FB9F521B64EF4008D60CE /* Production.xcconfig */ = {isa = PBXFileReference; lastKnownFileType = text.xcconfig; path = Production.xcconfig; sourceTree = "<group>"; };
		297FB9F721B65240008D60CE /* AppConstants.swift */ = {isa = PBXFileReference; fileEncoding = 4; lastKnownFileType = sourcecode.swift; path = AppConstants.swift; sourceTree = "<group>"; };
		297FB9F821B65240008D60CE /* AppUtility.swift */ = {isa = PBXFileReference; fileEncoding = 4; lastKnownFileType = sourcecode.swift; path = AppUtility.swift; sourceTree = "<group>"; };
		298CAB0623F715EE193F4F2D /* Pods-NorthLoopFinTests.release.xcconfig */ = {isa = PBXFileReference; includeInIndex = 1; lastKnownFileType = text.xcconfig; name = "Pods-NorthLoopFinTests.release.xcconfig"; path = "Pods/Target Support Files/Pods-NorthLoopFinTests/Pods-NorthLoopFinTests.release.xcconfig"; sourceTree = "<group>"; };
		3E77A97A965E68B582769403 /* Pods-NorthLoopFinTests.production.xcconfig */ = {isa = PBXFileReference; includeInIndex = 1; lastKnownFileType = text.xcconfig; name = "Pods-NorthLoopFinTests.production.xcconfig"; path = "Pods/Target Support Files/Pods-NorthLoopFinTests/Pods-NorthLoopFinTests.production.xcconfig"; sourceTree = "<group>"; };
		3F7D083137E81A93B7BC6FB3 /* Pods-NorthLoopFinUITests.debug.xcconfig */ = {isa = PBXFileReference; includeInIndex = 1; lastKnownFileType = text.xcconfig; name = "Pods-NorthLoopFinUITests.debug.xcconfig"; path = "Pods/Target Support Files/Pods-NorthLoopFinUITests/Pods-NorthLoopFinUITests.debug.xcconfig"; sourceTree = "<group>"; };
		44B1E2C4395260AA2C23AFF5 /* Pods-NorthLoopFin.staging.xcconfig */ = {isa = PBXFileReference; includeInIndex = 1; lastKnownFileType = text.xcconfig; name = "Pods-NorthLoopFin.staging.xcconfig"; path = "Pods/Target Support Files/Pods-NorthLoopFin/Pods-NorthLoopFin.staging.xcconfig"; sourceTree = "<group>"; };
		4FE18586CD8D3F50E9C70CA2 /* Pods-NorthLoopFinTests.staging.xcconfig */ = {isa = PBXFileReference; includeInIndex = 1; lastKnownFileType = text.xcconfig; name = "Pods-NorthLoopFinTests.staging.xcconfig"; path = "Pods/Target Support Files/Pods-NorthLoopFinTests/Pods-NorthLoopFinTests.staging.xcconfig"; sourceTree = "<group>"; };
		74161144440DBE27B92E1ED2 /* Pods_NorthLoopFinTests.framework */ = {isa = PBXFileReference; explicitFileType = wrapper.framework; includeInIndex = 0; path = Pods_NorthLoopFinTests.framework; sourceTree = BUILT_PRODUCTS_DIR; };
		8F0F06B96BCCCE02E43D19E7 /* Pods_NorthLoopFinUITests.framework */ = {isa = PBXFileReference; explicitFileType = wrapper.framework; includeInIndex = 0; path = Pods_NorthLoopFinUITests.framework; sourceTree = BUILT_PRODUCTS_DIR; };
		8F232E2216D9A5754838CFA9 /* Pods_NorthLoopFin.framework */ = {isa = PBXFileReference; explicitFileType = wrapper.framework; includeInIndex = 0; path = Pods_NorthLoopFin.framework; sourceTree = BUILT_PRODUCTS_DIR; };
		AFEBC3A71689B1C6213DC81C /* Pods-NorthLoopFin.production.xcconfig */ = {isa = PBXFileReference; includeInIndex = 1; lastKnownFileType = text.xcconfig; name = "Pods-NorthLoopFin.production.xcconfig"; path = "Pods/Target Support Files/Pods-NorthLoopFin/Pods-NorthLoopFin.production.xcconfig"; sourceTree = "<group>"; };
		C7CD86218D875917CB75B3D8 /* Pods-NorthLoopFin.release.xcconfig */ = {isa = PBXFileReference; includeInIndex = 1; lastKnownFileType = text.xcconfig; name = "Pods-NorthLoopFin.release.xcconfig"; path = "Pods/Target Support Files/Pods-NorthLoopFin/Pods-NorthLoopFin.release.xcconfig"; sourceTree = "<group>"; };
		CC51A72AADCB05C7B834831E /* Pods-NorthLoopFinUITests.release.xcconfig */ = {isa = PBXFileReference; includeInIndex = 1; lastKnownFileType = text.xcconfig; name = "Pods-NorthLoopFinUITests.release.xcconfig"; path = "Pods/Target Support Files/Pods-NorthLoopFinUITests/Pods-NorthLoopFinUITests.release.xcconfig"; sourceTree = "<group>"; };
		D2C0CA2F4F7F5E5508F01524 /* Pods-NorthLoopFinUITests.staging.xcconfig */ = {isa = PBXFileReference; includeInIndex = 1; lastKnownFileType = text.xcconfig; name = "Pods-NorthLoopFinUITests.staging.xcconfig"; path = "Pods/Target Support Files/Pods-NorthLoopFinUITests/Pods-NorthLoopFinUITests.staging.xcconfig"; sourceTree = "<group>"; };
		E9F864D4E9967EEA4C8CB382 /* Pods-NorthLoopFin.debug.xcconfig */ = {isa = PBXFileReference; includeInIndex = 1; lastKnownFileType = text.xcconfig; name = "Pods-NorthLoopFin.debug.xcconfig"; path = "Pods/Target Support Files/Pods-NorthLoopFin/Pods-NorthLoopFin.debug.xcconfig"; sourceTree = "<group>"; };
		F05C98038699AA9883A8B0D9 /* Pods-NorthLoopFinUITests.production.xcconfig */ = {isa = PBXFileReference; includeInIndex = 1; lastKnownFileType = text.xcconfig; name = "Pods-NorthLoopFinUITests.production.xcconfig"; path = "Pods/Target Support Files/Pods-NorthLoopFinUITests/Pods-NorthLoopFinUITests.production.xcconfig"; sourceTree = "<group>"; };
/* End PBXFileReference section */

/* Begin PBXFrameworksBuildPhase section */
		297FB99721B51A32008D60CE /* Frameworks */ = {
			isa = PBXFrameworksBuildPhase;
			buildActionMask = 2147483647;
			files = (
				1D790E1021D4A3F30088107A /* MobileCoreServices.framework in Frameworks */,
				1D9EFE0921C9259D004C1C77 /* CoreData.framework in Frameworks */,
				1D9EFE0721C92593004C1C77 /* CoreLocation.framework in Frameworks */,
				EB8617AFB8E38CB8A49D5549 /* Pods_NorthLoopFin.framework in Frameworks */,
			);
			runOnlyForDeploymentPostprocessing = 0;
		};
		297FB9AB21B51A34008D60CE /* Frameworks */ = {
			isa = PBXFrameworksBuildPhase;
			buildActionMask = 2147483647;
			files = (
				61B88BE40F88EDFCFD2B93BD /* Pods_NorthLoopFinTests.framework in Frameworks */,
			);
			runOnlyForDeploymentPostprocessing = 0;
		};
		297FB9B621B51A34008D60CE /* Frameworks */ = {
			isa = PBXFrameworksBuildPhase;
			buildActionMask = 2147483647;
			files = (
				E6A1ACCA12D73B5988A6E8ED /* Pods_NorthLoopFinUITests.framework in Frameworks */,
			);
			runOnlyForDeploymentPostprocessing = 0;
		};
/* End PBXFrameworksBuildPhase section */

/* Begin PBXGroup section */
		1D1E5A6D21C9C76B0036E998 /* SignUp */ = {
			isa = PBXGroup;
			children = (
				1D3AA52D21E35FCB0075DBD0 /* Auth0 */,
				1D1E5A7021C9C79D0036E998 /* Presenter */,
				1D1E5A6F21C9C7960036E998 /* View */,
				1D1E5A6E21C9C78D0036E998 /* Model */,
			);
			path = SignUp;
			sourceTree = "<group>";
		};
		1D1E5A6E21C9C78D0036E998 /* Model */ = {
			isa = PBXGroup;
			children = (
				1DFE480121D71B32003EFECA /* SIgnupForm */,
				1DFE480021D71B22003EFECA /* Twilio */,
			);
			path = Model;
			sourceTree = "<group>";
		};
		1D1E5A6F21C9C7960036E998 /* View */ = {
			isa = PBXGroup;
			children = (
				1D1E5A7121C9C7BE0036E998 /* WelcomeViewController.swift */,
				1DE34AB121CA2D5A007F9320 /* SignUpFormViewController.swift */,
				1D0A881B21CB6E2100187439 /* OTPViewController.swift */,
				1D0A881D21CBC28400187439 /* ScanIDViewController.swift */,
				1D0A881F21CC8BFE00187439 /* SelfieViewController.swift */,
				1D0A882121CCC2FA00187439 /* SetPasswordViewController.swift */,
				1D908FCF21CCF5B3005C96BB /* VerifyAddressViewController.swift */,
				1D908FD121CCF837005C96BB /* AllDoneViewController.swift */,
				1DFE480A21D745DF003EFECA /* PhoneVerificationDelegate.swift */,
			);
			path = View;
			sourceTree = "<group>";
		};
		1D1E5A7021C9C79D0036E998 /* Presenter */ = {
			isa = PBXGroup;
			children = (
				1DFE480821D7446C003EFECA /* PhoneVerificationStartPresenter.swift */,
				1DFE480E21D9F894003EFECA /* PhoneVerificationCheckPresenter.swift */,
			);
			path = Presenter;
			sourceTree = "<group>";
		};
		1D3AA52D21E35FCB0075DBD0 /* Auth0 */ = {
			isa = PBXGroup;
			children = (
				1D3AA52E21E35FDC0075DBD0 /* SessionManager.swift */,
				1D3AA53021E36AE80075DBD0 /* Auth0ApiCallManager.swift */,
			);
			path = Auth0;
			sourceTree = "<group>";
		};
		1D51758321C5008600BCF9E4 /* TransactionDetail */ = {
			isa = PBXGroup;
			children = (
				1D51758621C500A200BCF9E4 /* Presenter */,
				1D51758521C5009C00BCF9E4 /* View */,
				1D51758421C5009500BCF9E4 /* Model */,
			);
			path = TransactionDetail;
			sourceTree = "<group>";
		};
		1D51758421C5009500BCF9E4 /* Model */ = {
			isa = PBXGroup;
			children = (
			);
			path = Model;
			sourceTree = "<group>";
		};
		1D51758521C5009C00BCF9E4 /* View */ = {
			isa = PBXGroup;
			children = (
				1D51758721C500D300BCF9E4 /* TransactionDetailViewController.swift */,
				1D51758921C6700500BCF9E4 /* TransactionDetailHistoryCell.swift */,
				1D51758A21C6700500BCF9E4 /* TransactionDetailHistoryCell.xib */,
				1D51758D21C6706300BCF9E4 /* TransactionDetailHistoryTableHeader.swift */,
				1D51758F21C6708100BCF9E4 /* TransactionDetailHistoryTableHeader.xib */,
			);
			path = View;
			sourceTree = "<group>";
		};
		1D51758621C500A200BCF9E4 /* Presenter */ = {
			isa = PBXGroup;
			children = (
			);
			path = Presenter;
			sourceTree = "<group>";
		};
		1D8189EE21C0AF49000C8F5F /* Application Views */ = {
			isa = PBXGroup;
			children = (
				1D1E5A6D21C9C76B0036E998 /* SignUp */,
				1D51758321C5008600BCF9E4 /* TransactionDetail */,
				1D8189EF21C0AF59000C8F5F /* Home */,
			);
			path = "Application Views";
			sourceTree = "<group>";
		};
		1D8189EF21C0AF59000C8F5F /* Home */ = {
			isa = PBXGroup;
			children = (
				1D8189F221C0AF70000C8F5F /* Models */,
				1D8189F121C0AF68000C8F5F /* View */,
				1D8189F021C0AF60000C8F5F /* Presenter */,
			);
			path = Home;
			sourceTree = "<group>";
		};
		1D8189F021C0AF60000C8F5F /* Presenter */ = {
			isa = PBXGroup;
			children = (
				1D818A0E21C17F35000C8F5F /* HomePresenter.swift */,
			);
			path = Presenter;
			sourceTree = "<group>";
		};
		1D8189F121C0AF68000C8F5F /* View */ = {
			isa = PBXGroup;
			children = (
				1D8189F321C0AF96000C8F5F /* HomeViewController.swift */,
				1D818A0221C105BC000C8F5F /* HomeTableCell.swift */,
				1D818A0321C105BC000C8F5F /* HomeTableCell.xib */,
				1D818A0621C1063B000C8F5F /* HomeTableSectionCell.swift */,
				1D818A0821C1065A000C8F5F /* HomeTableSectionCell.xib */,
				1D818A0C21C17DE4000C8F5F /* HomeDelegate.swift */,
			);
			path = View;
			sourceTree = "<group>";
		};
		1D8189F221C0AF70000C8F5F /* Models */ = {
			isa = PBXGroup;
			children = (
				1D818A1021C22762000C8F5F /* HomeLedgerRequestModel.swift */,
				1D818A1221C22987000C8F5F /* HomeTransactionListBusinessLogic.swift */,
				1D818A1421C22A67000C8F5F /* TransactionListApiRequest.swift */,
				1D818A1721C239B6000C8F5F /* Transaction.swift */,
				1D818A1921C23DBD000C8F5F /* Address.swift */,
				1D818A1B21C24207000C8F5F /* TransactionPrintout.swift */,
				1D818A1D21C3BAE9000C8F5F /* TransactionListModel.swift */,
			);
			path = Models;
			sourceTree = "<group>";
		};
		1D8189F921C0E04C000C8F5F /* Fonts */ = {
			isa = PBXGroup;
			children = (
				1D8189FC21C0E063000C8F5F /* Calibri Bold Italic.ttf */,
				1D8189FA21C0E062000C8F5F /* Calibri Bold.ttf */,
				1D8189FD21C0E063000C8F5F /* Calibri Italic.ttf */,
				1D8189FB21C0E062000C8F5F /* Calibri.ttf */,
			);
			path = Fonts;
			sourceTree = "<group>";
		};
		1DFE480021D71B22003EFECA /* Twilio */ = {
			isa = PBXGroup;
			children = (
				1DFE480221D735F4003EFECA /* PhoneVerificationRequestMobel.swift */,
				1DFE480421D73625003EFECA /* PhoneVerificationStartAPIRequest.swift */,
				1DFE480621D739BC003EFECA /* PhoneVerificationBusinessLogic.swift */,
				1DFE480C21D9F4E0003EFECA /* PhoneVerifyStart.swift */,
				1DFE481021DA393A003EFECA /* PhoneVerificationCheckAPIRequest.swift */,
				1DFE481221DA3ACE003EFECA /* PhoneVerifyCheck.swift */,
			);
			path = Twilio;
			sourceTree = "<group>";
		};
		1DFE480121D71B32003EFECA /* SIgnupForm */ = {
			isa = PBXGroup;
			children = (
			);
			path = SIgnupForm;
			sourceTree = "<group>";
		};
		297FB99121B51A32008D60CE = {
			isa = PBXGroup;
			children = (
				297FB99C21B51A32008D60CE /* NorthLoopFin */,
				297FB9B121B51A34008D60CE /* NorthLoopFinTests */,
				297FB9BC21B51A34008D60CE /* NorthLoopFinUITests */,
				297FB99B21B51A32008D60CE /* Products */,
				D022125723AC17E3C0FF3D73 /* Pods */,
				9523A88CDB8DFF968C534DCD /* Frameworks */,
			);
			sourceTree = "<group>";
		};
		297FB99B21B51A32008D60CE /* Products */ = {
			isa = PBXGroup;
			children = (
				297FB99A21B51A32008D60CE /* NorthLoopFin.app */,
				297FB9AE21B51A34008D60CE /* NorthLoopFinTests.xctest */,
				297FB9B921B51A34008D60CE /* NorthLoopFinUITests.xctest */,
			);
			name = Products;
			sourceTree = "<group>";
		};
		297FB99C21B51A32008D60CE /* NorthLoopFin */ = {
			isa = PBXGroup;
			children = (
				1D8189F921C0E04C000C8F5F /* Fonts */,
				1D8189EE21C0AF49000C8F5F /* Application Views */,
				297FB9F621B6521A008D60CE /* App Utility */,
				297FB9F321B64EB8008D60CE /* Configuration */,
				297FB9D721B54909008D60CE /* API Manager */,
				297FB9CE21B531DE008D60CE /* Helpers */,
				297FB9CB21B52E69008D60CE /* LaunchHelpers */,
				297FB99D21B51A32008D60CE /* AppDelegate.swift */,
				297FB99F21B51A32008D60CE /* ViewController.swift */,
				297FB9A121B51A32008D60CE /* Main.storyboard */,
				297FB9A421B51A34008D60CE /* Assets.xcassets */,
				297FB9A621B51A34008D60CE /* LaunchScreen.storyboard */,
				1D3AA52B21E024520075DBD0 /* Auth0.plist */,
				297FB9A921B51A34008D60CE /* Info.plist */,
			);
			path = NorthLoopFin;
			sourceTree = "<group>";
		};
		297FB9B121B51A34008D60CE /* NorthLoopFinTests */ = {
			isa = PBXGroup;
			children = (
				297FB9B221B51A34008D60CE /* NorthLoopFinTests.swift */,
				297FB9B421B51A34008D60CE /* Info.plist */,
			);
			path = NorthLoopFinTests;
			sourceTree = "<group>";
		};
		297FB9BC21B51A34008D60CE /* NorthLoopFinUITests */ = {
			isa = PBXGroup;
			children = (
				297FB9BD21B51A34008D60CE /* NorthLoopFinUITests.swift */,
				297FB9BF21B51A34008D60CE /* Info.plist */,
			);
			path = NorthLoopFinUITests;
			sourceTree = "<group>";
		};
		297FB9CB21B52E69008D60CE /* LaunchHelpers */ = {
			isa = PBXGroup;
			children = (
				297FB9CC21B52E99008D60CE /* AppLaunchSetup.swift */,
			);
			path = LaunchHelpers;
			sourceTree = "<group>";
		};
		297FB9CE21B531DE008D60CE /* Helpers */ = {
			isa = PBXGroup;
			children = (
				1D818A0A21C10E3E000C8F5F /* UITableViewExtension.swift */,
				297FB9D121B5322D008D60CE /* BaseViewController.swift */,
				297FB9D221B5322D008D60CE /* BaseViewProtocol.swift */,
				297FB9CF21B53211008D60CE /* ReachabilityManager.swift */,
				1D8189F521C0B0CF000C8F5F /* UIViewExtension.swift */,
				1D8189F721C0CC6F000C8F5F /* GradientView.swift */,
				1D67DB0021C7757500AA7F29 /* CALayerExtension.swift */,
				1D67DB0221C7A89C00AA7F29 /* UIColorExtension.swift */,
				1D67DB0421C7B56F00AA7F29 /* LabelWithLetterSpace.swift */,
				1D9EFE0221C8DCD7004C1C77 /* CAGradientLayerExtension.swift */,
				1D9EFE0421C8DCEC004C1C77 /* UINavigationBarExtenion.swift */,
				1DE34AB321CA5A77007F9320 /* UITextFieldExtension.swift */,
				1D790E0721D33A6A0088107A /* Validations.swift */,
				1D790E0921D355450088107A /* ScanIDOptionsView.swift */,
				1D790E0B21D366C60088107A /* UIButtonWithSpacing.swift */,
				1D790E0D21D393D10088107A /* CameraHandler.swift */,
			);
			path = Helpers;
			sourceTree = "<group>";
		};
		297FB9D721B54909008D60CE /* API Manager */ = {
			isa = PBXGroup;
			children = (
				297FB9E221B554C4008D60CE /* ErrorHandler */,
				297FB9DC21B55484008D60CE /* ResponseCallback.swift */,
				297FB9DE21B55484008D60CE /* ResponseWrapper.swift */,
				297FB9DD21B55484008D60CE /* ServiceManager.swift */,
				297FB9D821B55465008D60CE /* ApiRequestProtocol.swift */,
			);
			path = "API Manager";
			sourceTree = "<group>";
		};
		297FB9E221B554C4008D60CE /* ErrorHandler */ = {
			isa = PBXGroup;
			children = (
				297FB9E421B554F8008D60CE /* ErrorCodes.swift */,
				297FB9E621B554F8008D60CE /* ErrorModel.swift */,
				297FB9E521B554F8008D60CE /* ErrorResolver.swift */,
				297FB9E321B554F8008D60CE /* ErrorTransformer.swift */,
			);
			path = ErrorHandler;
			sourceTree = "<group>";
		};
		297FB9F321B64EB8008D60CE /* Configuration */ = {
			isa = PBXGroup;
			children = (
				297FB9F421B64EE0008D60CE /* Staging.xcconfig */,
				297FB9F521B64EF4008D60CE /* Production.xcconfig */,
			);
			path = Configuration;
			sourceTree = "<group>";
		};
		297FB9F621B6521A008D60CE /* App Utility */ = {
			isa = PBXGroup;
			children = (
				297FB9F721B65240008D60CE /* AppConstants.swift */,
				297FB9F821B65240008D60CE /* AppUtility.swift */,
				1DFE47FC21D5F129003EFECA /* Colors.swift */,
			);
			path = "App Utility";
			sourceTree = "<group>";
		};
		9523A88CDB8DFF968C534DCD /* Frameworks */ = {
			isa = PBXGroup;
			children = (
				1D790E0F21D4A3F30088107A /* MobileCoreServices.framework */,
				1D9EFE0821C9259C004C1C77 /* CoreData.framework */,
				1D9EFE0621C92592004C1C77 /* CoreLocation.framework */,
				8F232E2216D9A5754838CFA9 /* Pods_NorthLoopFin.framework */,
				74161144440DBE27B92E1ED2 /* Pods_NorthLoopFinTests.framework */,
				8F0F06B96BCCCE02E43D19E7 /* Pods_NorthLoopFinUITests.framework */,
			);
			name = Frameworks;
			sourceTree = "<group>";
		};
		D022125723AC17E3C0FF3D73 /* Pods */ = {
			isa = PBXGroup;
			children = (
				E9F864D4E9967EEA4C8CB382 /* Pods-NorthLoopFin.debug.xcconfig */,
				C7CD86218D875917CB75B3D8 /* Pods-NorthLoopFin.release.xcconfig */,
				235F5AAA9380A8FB754C58D2 /* Pods-NorthLoopFinTests.debug.xcconfig */,
				298CAB0623F715EE193F4F2D /* Pods-NorthLoopFinTests.release.xcconfig */,
				3F7D083137E81A93B7BC6FB3 /* Pods-NorthLoopFinUITests.debug.xcconfig */,
				CC51A72AADCB05C7B834831E /* Pods-NorthLoopFinUITests.release.xcconfig */,
				44B1E2C4395260AA2C23AFF5 /* Pods-NorthLoopFin.staging.xcconfig */,
				4FE18586CD8D3F50E9C70CA2 /* Pods-NorthLoopFinTests.staging.xcconfig */,
				D2C0CA2F4F7F5E5508F01524 /* Pods-NorthLoopFinUITests.staging.xcconfig */,
				AFEBC3A71689B1C6213DC81C /* Pods-NorthLoopFin.production.xcconfig */,
				3E77A97A965E68B582769403 /* Pods-NorthLoopFinTests.production.xcconfig */,
				F05C98038699AA9883A8B0D9 /* Pods-NorthLoopFinUITests.production.xcconfig */,
			);
			name = Pods;
			sourceTree = "<group>";
		};
/* End PBXGroup section */

/* Begin PBXNativeTarget section */
		297FB99921B51A32008D60CE /* NorthLoopFin */ = {
			isa = PBXNativeTarget;
			buildConfigurationList = 297FB9C221B51A34008D60CE /* Build configuration list for PBXNativeTarget "NorthLoopFin" */;
			buildPhases = (
				7FE75CC05BDD42ECB6A06D04 /* [CP] Check Pods Manifest.lock */,
				297FB99621B51A32008D60CE /* Sources */,
				297FB99721B51A32008D60CE /* Frameworks */,
				297FB99821B51A32008D60CE /* Resources */,
				840BB24BFD122C126081276C /* [CP] Embed Pods Frameworks */,
				5C0EB00185306D92FFF5D202 /* [CP] Copy Pods Resources */,
				1DFE47FB21D5BA29003EFECA /* ShellScript */,
			);
			buildRules = (
			);
			dependencies = (
			);
			name = NorthLoopFin;
			productName = NorthLoopFin;
			productReference = 297FB99A21B51A32008D60CE /* NorthLoopFin.app */;
			productType = "com.apple.product-type.application";
		};
		297FB9AD21B51A34008D60CE /* NorthLoopFinTests */ = {
			isa = PBXNativeTarget;
			buildConfigurationList = 297FB9C521B51A34008D60CE /* Build configuration list for PBXNativeTarget "NorthLoopFinTests" */;
			buildPhases = (
				300CBC9FE6BE42DEC96DBA4B /* [CP] Check Pods Manifest.lock */,
				297FB9AA21B51A34008D60CE /* Sources */,
				297FB9AB21B51A34008D60CE /* Frameworks */,
				297FB9AC21B51A34008D60CE /* Resources */,
			);
			buildRules = (
			);
			dependencies = (
				297FB9B021B51A34008D60CE /* PBXTargetDependency */,
			);
			name = NorthLoopFinTests;
			productName = NorthLoopFinTests;
			productReference = 297FB9AE21B51A34008D60CE /* NorthLoopFinTests.xctest */;
			productType = "com.apple.product-type.bundle.unit-test";
		};
		297FB9B821B51A34008D60CE /* NorthLoopFinUITests */ = {
			isa = PBXNativeTarget;
			buildConfigurationList = 297FB9C821B51A34008D60CE /* Build configuration list for PBXNativeTarget "NorthLoopFinUITests" */;
			buildPhases = (
				0A6EB70DE4ABCE6ACBAB303A /* [CP] Check Pods Manifest.lock */,
				297FB9B521B51A34008D60CE /* Sources */,
				297FB9B621B51A34008D60CE /* Frameworks */,
				297FB9B721B51A34008D60CE /* Resources */,
			);
			buildRules = (
			);
			dependencies = (
				297FB9BB21B51A34008D60CE /* PBXTargetDependency */,
			);
			name = NorthLoopFinUITests;
			productName = NorthLoopFinUITests;
			productReference = 297FB9B921B51A34008D60CE /* NorthLoopFinUITests.xctest */;
			productType = "com.apple.product-type.bundle.ui-testing";
		};
/* End PBXNativeTarget section */

/* Begin PBXProject section */
		297FB99221B51A32008D60CE /* Project object */ = {
			isa = PBXProject;
			attributes = {
				LastSwiftUpdateCheck = 1010;
				LastUpgradeCheck = 1010;
				ORGANIZATIONNAME = NorthLoop;
				TargetAttributes = {
					297FB99921B51A32008D60CE = {
						CreatedOnToolsVersion = 10.1;
					};
					297FB9AD21B51A34008D60CE = {
						CreatedOnToolsVersion = 10.1;
						TestTargetID = 297FB99921B51A32008D60CE;
					};
					297FB9B821B51A34008D60CE = {
						CreatedOnToolsVersion = 10.1;
						TestTargetID = 297FB99921B51A32008D60CE;
					};
				};
			};
			buildConfigurationList = 297FB99521B51A32008D60CE /* Build configuration list for PBXProject "NorthLoopFin" */;
			compatibilityVersion = "Xcode 9.3";
			developmentRegion = en;
			hasScannedForEncodings = 0;
			knownRegions = (
				en,
				Base,
			);
			mainGroup = 297FB99121B51A32008D60CE;
			productRefGroup = 297FB99B21B51A32008D60CE /* Products */;
			projectDirPath = "";
			projectRoot = "";
			targets = (
				297FB99921B51A32008D60CE /* NorthLoopFin */,
				297FB9AD21B51A34008D60CE /* NorthLoopFinTests */,
				297FB9B821B51A34008D60CE /* NorthLoopFinUITests */,
			);
		};
/* End PBXProject section */

/* Begin PBXResourcesBuildPhase section */
		297FB99821B51A32008D60CE /* Resources */ = {
			isa = PBXResourcesBuildPhase;
			buildActionMask = 2147483647;
			files = (
				1D818A0021C0E063000C8F5F /* Calibri Bold Italic.ttf in Resources */,
				2985E5A721B6640500CCA2AB /* Staging.xcconfig in Resources */,
				1D51759021C6708100BCF9E4 /* TransactionDetailHistoryTableHeader.xib in Resources */,
				1D8189FE21C0E063000C8F5F /* Calibri Bold.ttf in Resources */,
				1D818A0521C105BC000C8F5F /* HomeTableCell.xib in Resources */,
				1D818A0121C0E063000C8F5F /* Calibri Italic.ttf in Resources */,
				2985E5A821B6640B00CCA2AB /* Production.xcconfig in Resources */,
				297FB9A821B51A34008D60CE /* LaunchScreen.storyboard in Resources */,
				1D818A0921C1065A000C8F5F /* HomeTableSectionCell.xib in Resources */,
				1D51758C21C6700500BCF9E4 /* TransactionDetailHistoryCell.xib in Resources */,
				1D8189FF21C0E063000C8F5F /* Calibri.ttf in Resources */,
				297FB9A521B51A34008D60CE /* Assets.xcassets in Resources */,
				297FB9A321B51A32008D60CE /* Main.storyboard in Resources */,
				1D3AA52C21E024520075DBD0 /* Auth0.plist in Resources */,
			);
			runOnlyForDeploymentPostprocessing = 0;
		};
		297FB9AC21B51A34008D60CE /* Resources */ = {
			isa = PBXResourcesBuildPhase;
			buildActionMask = 2147483647;
			files = (
			);
			runOnlyForDeploymentPostprocessing = 0;
		};
		297FB9B721B51A34008D60CE /* Resources */ = {
			isa = PBXResourcesBuildPhase;
			buildActionMask = 2147483647;
			files = (
			);
			runOnlyForDeploymentPostprocessing = 0;
		};
/* End PBXResourcesBuildPhase section */

/* Begin PBXShellScriptBuildPhase section */
		0A6EB70DE4ABCE6ACBAB303A /* [CP] Check Pods Manifest.lock */ = {
			isa = PBXShellScriptBuildPhase;
			buildActionMask = 2147483647;
			files = (
			);
			inputFileListPaths = (
			);
			inputPaths = (
				"${PODS_PODFILE_DIR_PATH}/Podfile.lock",
				"${PODS_ROOT}/Manifest.lock",
			);
			name = "[CP] Check Pods Manifest.lock";
			outputFileListPaths = (
			);
			outputPaths = (
				"$(DERIVED_FILE_DIR)/Pods-NorthLoopFinUITests-checkManifestLockResult.txt",
			);
			runOnlyForDeploymentPostprocessing = 0;
			shellPath = /bin/sh;
			shellScript = "diff \"${PODS_PODFILE_DIR_PATH}/Podfile.lock\" \"${PODS_ROOT}/Manifest.lock\" > /dev/null\nif [ $? != 0 ] ; then\n    # print error to STDERR\n    echo \"error: The sandbox is not in sync with the Podfile.lock. Run 'pod install' or update your CocoaPods installation.\" >&2\n    exit 1\nfi\n# This output is used by Xcode 'outputs' to avoid re-running this script phase.\necho \"SUCCESS\" > \"${SCRIPT_OUTPUT_FILE_0}\"\n";
			showEnvVarsInLog = 0;
		};
		1DFE47FB21D5BA29003EFECA /* ShellScript */ = {
			isa = PBXShellScriptBuildPhase;
			buildActionMask = 2147483647;
			files = (
			);
			inputFileListPaths = (
			);
			inputPaths = (
				"$(BUILT_PRODUCTS_DIR)/$(INFOPLIST_PATH)",
			);
			outputFileListPaths = (
			);
			outputPaths = (
			);
			runOnlyForDeploymentPostprocessing = 0;
			shellPath = /bin/sh;
			shellScript = "\"${PODS_ROOT}/Fabric/run\" 253fd6a8b3676b3538374eac9591863cfea49d5b c870d98543fecb4164685d342cd3493d78bc6e16ae1ca7026628cb984cb5dbbc\n";
		};
		300CBC9FE6BE42DEC96DBA4B /* [CP] Check Pods Manifest.lock */ = {
			isa = PBXShellScriptBuildPhase;
			buildActionMask = 2147483647;
			files = (
			);
			inputFileListPaths = (
			);
			inputPaths = (
				"${PODS_PODFILE_DIR_PATH}/Podfile.lock",
				"${PODS_ROOT}/Manifest.lock",
			);
			name = "[CP] Check Pods Manifest.lock";
			outputFileListPaths = (
			);
			outputPaths = (
				"$(DERIVED_FILE_DIR)/Pods-NorthLoopFinTests-checkManifestLockResult.txt",
			);
			runOnlyForDeploymentPostprocessing = 0;
			shellPath = /bin/sh;
			shellScript = "diff \"${PODS_PODFILE_DIR_PATH}/Podfile.lock\" \"${PODS_ROOT}/Manifest.lock\" > /dev/null\nif [ $? != 0 ] ; then\n    # print error to STDERR\n    echo \"error: The sandbox is not in sync with the Podfile.lock. Run 'pod install' or update your CocoaPods installation.\" >&2\n    exit 1\nfi\n# This output is used by Xcode 'outputs' to avoid re-running this script phase.\necho \"SUCCESS\" > \"${SCRIPT_OUTPUT_FILE_0}\"\n";
			showEnvVarsInLog = 0;
		};
		5C0EB00185306D92FFF5D202 /* [CP] Copy Pods Resources */ = {
			isa = PBXShellScriptBuildPhase;
			buildActionMask = 2147483647;
			files = (
			);
			inputFileListPaths = (
			);
			inputPaths = (
				"${SRCROOT}/Pods/Target Support Files/Pods-NorthLoopFin/Pods-NorthLoopFin-resources.sh",
				"${PODS_ROOT}/GoogleMaps/Maps/Frameworks/GoogleMaps.framework/Resources/GoogleMaps.bundle",
				"${PODS_ROOT}/GooglePlaces/Frameworks/GooglePlaces.framework/Resources/GooglePlaces.bundle",
			);
			name = "[CP] Copy Pods Resources";
			outputFileListPaths = (
			);
			outputPaths = (
				"${TARGET_BUILD_DIR}/${UNLOCALIZED_RESOURCES_FOLDER_PATH}/GoogleMaps.bundle",
				"${TARGET_BUILD_DIR}/${UNLOCALIZED_RESOURCES_FOLDER_PATH}/GooglePlaces.bundle",
			);
			runOnlyForDeploymentPostprocessing = 0;
			shellPath = /bin/sh;
			shellScript = "\"${SRCROOT}/Pods/Target Support Files/Pods-NorthLoopFin/Pods-NorthLoopFin-resources.sh\"\n";
			showEnvVarsInLog = 0;
		};
		7FE75CC05BDD42ECB6A06D04 /* [CP] Check Pods Manifest.lock */ = {
			isa = PBXShellScriptBuildPhase;
			buildActionMask = 2147483647;
			files = (
			);
			inputFileListPaths = (
			);
			inputPaths = (
				"${PODS_PODFILE_DIR_PATH}/Podfile.lock",
				"${PODS_ROOT}/Manifest.lock",
			);
			name = "[CP] Check Pods Manifest.lock";
			outputFileListPaths = (
			);
			outputPaths = (
				"$(DERIVED_FILE_DIR)/Pods-NorthLoopFin-checkManifestLockResult.txt",
			);
			runOnlyForDeploymentPostprocessing = 0;
			shellPath = /bin/sh;
			shellScript = "diff \"${PODS_PODFILE_DIR_PATH}/Podfile.lock\" \"${PODS_ROOT}/Manifest.lock\" > /dev/null\nif [ $? != 0 ] ; then\n    # print error to STDERR\n    echo \"error: The sandbox is not in sync with the Podfile.lock. Run 'pod install' or update your CocoaPods installation.\" >&2\n    exit 1\nfi\n# This output is used by Xcode 'outputs' to avoid re-running this script phase.\necho \"SUCCESS\" > \"${SCRIPT_OUTPUT_FILE_0}\"\n";
			showEnvVarsInLog = 0;
		};
		840BB24BFD122C126081276C /* [CP] Embed Pods Frameworks */ = {
			isa = PBXShellScriptBuildPhase;
			buildActionMask = 2147483647;
			files = (
			);
			inputFileListPaths = (
			);
			inputPaths = (
				"${SRCROOT}/Pods/Target Support Files/Pods-NorthLoopFin/Pods-NorthLoopFin-frameworks.sh",
				"${BUILT_PRODUCTS_DIR}/AFNetworking/AFNetworking.framework",
				"${BUILT_PRODUCTS_DIR}/Auth0/Auth0.framework",
				"${BUILT_PRODUCTS_DIR}/IQKeyboardManagerSwift/IQKeyboardManagerSwift.framework",
				"${BUILT_PRODUCTS_DIR}/ReachabilitySwift/Reachability.framework",
				"${BUILT_PRODUCTS_DIR}/SVProgressHUD/SVProgressHUD.framework",
				"${BUILT_PRODUCTS_DIR}/SimpleKeychain/SimpleKeychain.framework",
			);
			name = "[CP] Embed Pods Frameworks";
			outputFileListPaths = (
			);
			outputPaths = (
				"${TARGET_BUILD_DIR}/${FRAMEWORKS_FOLDER_PATH}/AFNetworking.framework",
				"${TARGET_BUILD_DIR}/${FRAMEWORKS_FOLDER_PATH}/Auth0.framework",
				"${TARGET_BUILD_DIR}/${FRAMEWORKS_FOLDER_PATH}/IQKeyboardManagerSwift.framework",
				"${TARGET_BUILD_DIR}/${FRAMEWORKS_FOLDER_PATH}/Reachability.framework",
				"${TARGET_BUILD_DIR}/${FRAMEWORKS_FOLDER_PATH}/SVProgressHUD.framework",
				"${TARGET_BUILD_DIR}/${FRAMEWORKS_FOLDER_PATH}/SimpleKeychain.framework",
			);
			runOnlyForDeploymentPostprocessing = 0;
			shellPath = /bin/sh;
			shellScript = "\"${SRCROOT}/Pods/Target Support Files/Pods-NorthLoopFin/Pods-NorthLoopFin-frameworks.sh\"\n";
			showEnvVarsInLog = 0;
		};
/* End PBXShellScriptBuildPhase section */

/* Begin PBXSourcesBuildPhase section */
		297FB99621B51A32008D60CE /* Sources */ = {
			isa = PBXSourcesBuildPhase;
			buildActionMask = 2147483647;
			files = (
				1D8189F821C0CC6F000C8F5F /* GradientView.swift in Sources */,
				1D1E5A7221C9C7BE0036E998 /* WelcomeViewController.swift in Sources */,
				1DE34AB221CA2D5A007F9320 /* SignUpFormViewController.swift in Sources */,
				1D790E0A21D355450088107A /* ScanIDOptionsView.swift in Sources */,
				1D67DB0121C7757500AA7F29 /* CALayerExtension.swift in Sources */,
				1D818A1121C22762000C8F5F /* HomeLedgerRequestModel.swift in Sources */,
				297FB9FA21B65240008D60CE /* AppUtility.swift in Sources */,
				1D3AA53121E36AE80075DBD0 /* Auth0ApiCallManager.swift in Sources */,
				297FB9EA21B554F8008D60CE /* ErrorModel.swift in Sources */,
				1D818A0421C105BC000C8F5F /* HomeTableCell.swift in Sources */,
				1D0A881C21CB6E2100187439 /* OTPViewController.swift in Sources */,
				297FB9E121B55484008D60CE /* ResponseWrapper.swift in Sources */,
				1D818A0B21C10E3E000C8F5F /* UITableViewExtension.swift in Sources */,
				1DFE480B21D745DF003EFECA /* PhoneVerificationDelegate.swift in Sources */,
				1D908FD021CCF5B3005C96BB /* VerifyAddressViewController.swift in Sources */,
				1D8189F421C0AF96000C8F5F /* HomeViewController.swift in Sources */,
				1D818A1321C22987000C8F5F /* HomeTransactionListBusinessLogic.swift in Sources */,
				1DFE47FD21D5F129003EFECA /* Colors.swift in Sources */,
				1D67DB0521C7B56F00AA7F29 /* LabelWithLetterSpace.swift in Sources */,
				1D818A1A21C23DBD000C8F5F /* Address.swift in Sources */,
				1DE34AB421CA5A77007F9320 /* UITextFieldExtension.swift in Sources */,
				1D3AA52F21E35FDC0075DBD0 /* SessionManager.swift in Sources */,
				1DFE480321D735F4003EFECA /* PhoneVerificationRequestMobel.swift in Sources */,
				1D818A1521C22A67000C8F5F /* TransactionListApiRequest.swift in Sources */,
				297FB9D321B5322D008D60CE /* BaseViewController.swift in Sources */,
				1D0A882021CC8BFE00187439 /* SelfieViewController.swift in Sources */,
				1D908FD221CCF837005C96BB /* AllDoneViewController.swift in Sources */,
				297FB9D921B55465008D60CE /* ApiRequestProtocol.swift in Sources */,
				1D8189F621C0B0CF000C8F5F /* UIViewExtension.swift in Sources */,
				297FB9F921B65240008D60CE /* AppConstants.swift in Sources */,
				1D818A1821C239B6000C8F5F /* Transaction.swift in Sources */,
				297FB9D021B53211008D60CE /* ReachabilityManager.swift in Sources */,
				297FB9A021B51A32008D60CE /* ViewController.swift in Sources */,
				1DFE480F21D9F894003EFECA /* PhoneVerificationCheckPresenter.swift in Sources */,
				297FB9E921B554F8008D60CE /* ErrorResolver.swift in Sources */,
				1D0A882221CCC2FA00187439 /* SetPasswordViewController.swift in Sources */,
				1DFE480521D73625003EFECA /* PhoneVerificationStartAPIRequest.swift in Sources */,
				297FB99E21B51A32008D60CE /* AppDelegate.swift in Sources */,
				1D0A881E21CBC28400187439 /* ScanIDViewController.swift in Sources */,
				1D818A0F21C17F35000C8F5F /* HomePresenter.swift in Sources */,
				1D790E0E21D393D10088107A /* CameraHandler.swift in Sources */,
				1D818A0721C1063B000C8F5F /* HomeTableSectionCell.swift in Sources */,
				1DFE480721D739BC003EFECA /* PhoneVerificationBusinessLogic.swift in Sources */,
				1D67DB0321C7A89C00AA7F29 /* UIColorExtension.swift in Sources */,
				1D790E0821D33A6A0088107A /* Validations.swift in Sources */,
				1D9EFE0521C8DCEC004C1C77 /* UINavigationBarExtenion.swift in Sources */,
				1D51758E21C6706300BCF9E4 /* TransactionDetailHistoryTableHeader.swift in Sources */,
				297FB9E021B55484008D60CE /* ServiceManager.swift in Sources */,
				1DFE481321DA3ACE003EFECA /* PhoneVerifyCheck.swift in Sources */,
				1D790E0C21D366C60088107A /* UIButtonWithSpacing.swift in Sources */,
				1D818A1C21C24207000C8F5F /* TransactionPrintout.swift in Sources */,
				1D51758821C500D300BCF9E4 /* TransactionDetailViewController.swift in Sources */,
				1D9EFE0321C8DCD7004C1C77 /* CAGradientLayerExtension.swift in Sources */,
				1D818A1E21C3BAE9000C8F5F /* TransactionListModel.swift in Sources */,
				297FB9E821B554F8008D60CE /* ErrorCodes.swift in Sources */,
				297FB9DF21B55484008D60CE /* ResponseCallback.swift in Sources */,
				1DFE481121DA393A003EFECA /* PhoneVerificationCheckAPIRequest.swift in Sources */,
				1D818A0D21C17DE4000C8F5F /* HomeDelegate.swift in Sources */,
				1DFE480921D7446C003EFECA /* PhoneVerificationStartPresenter.swift in Sources */,
				1D51758B21C6700500BCF9E4 /* TransactionDetailHistoryCell.swift in Sources */,
				297FB9CD21B52E99008D60CE /* AppLaunchSetup.swift in Sources */,
				297FB9D421B5322D008D60CE /* BaseViewProtocol.swift in Sources */,
				1DFE480D21D9F4E0003EFECA /* PhoneVerifyStart.swift in Sources */,
				297FB9E721B554F8008D60CE /* ErrorTransformer.swift in Sources */,
			);
			runOnlyForDeploymentPostprocessing = 0;
		};
		297FB9AA21B51A34008D60CE /* Sources */ = {
			isa = PBXSourcesBuildPhase;
			buildActionMask = 2147483647;
			files = (
				297FB9B321B51A34008D60CE /* NorthLoopFinTests.swift in Sources */,
			);
			runOnlyForDeploymentPostprocessing = 0;
		};
		297FB9B521B51A34008D60CE /* Sources */ = {
			isa = PBXSourcesBuildPhase;
			buildActionMask = 2147483647;
			files = (
				297FB9BE21B51A34008D60CE /* NorthLoopFinUITests.swift in Sources */,
			);
			runOnlyForDeploymentPostprocessing = 0;
		};
/* End PBXSourcesBuildPhase section */

/* Begin PBXTargetDependency section */
		297FB9B021B51A34008D60CE /* PBXTargetDependency */ = {
			isa = PBXTargetDependency;
			target = 297FB99921B51A32008D60CE /* NorthLoopFin */;
			targetProxy = 297FB9AF21B51A34008D60CE /* PBXContainerItemProxy */;
		};
		297FB9BB21B51A34008D60CE /* PBXTargetDependency */ = {
			isa = PBXTargetDependency;
			target = 297FB99921B51A32008D60CE /* NorthLoopFin */;
			targetProxy = 297FB9BA21B51A34008D60CE /* PBXContainerItemProxy */;
		};
/* End PBXTargetDependency section */

/* Begin PBXVariantGroup section */
		297FB9A121B51A32008D60CE /* Main.storyboard */ = {
			isa = PBXVariantGroup;
			children = (
				297FB9A221B51A32008D60CE /* Base */,
			);
			name = Main.storyboard;
			sourceTree = "<group>";
		};
		297FB9A621B51A34008D60CE /* LaunchScreen.storyboard */ = {
			isa = PBXVariantGroup;
			children = (
				297FB9A721B51A34008D60CE /* Base */,
			);
			name = LaunchScreen.storyboard;
			sourceTree = "<group>";
		};
/* End PBXVariantGroup section */

/* Begin XCBuildConfiguration section */
		297FB9C021B51A34008D60CE /* Debug */ = {
			isa = XCBuildConfiguration;
			buildSettings = {
				ALWAYS_SEARCH_USER_PATHS = NO;
				CLANG_ANALYZER_NONNULL = YES;
				CLANG_ANALYZER_NUMBER_OBJECT_CONVERSION = YES_AGGRESSIVE;
				CLANG_CXX_LANGUAGE_STANDARD = "gnu++14";
				CLANG_CXX_LIBRARY = "libc++";
				CLANG_ENABLE_MODULES = YES;
				CLANG_ENABLE_OBJC_ARC = YES;
				CLANG_ENABLE_OBJC_WEAK = YES;
				CLANG_WARN_BLOCK_CAPTURE_AUTORELEASING = YES;
				CLANG_WARN_BOOL_CONVERSION = YES;
				CLANG_WARN_COMMA = YES;
				CLANG_WARN_CONSTANT_CONVERSION = YES;
				CLANG_WARN_DEPRECATED_OBJC_IMPLEMENTATIONS = YES;
				CLANG_WARN_DIRECT_OBJC_ISA_USAGE = YES_ERROR;
				CLANG_WARN_DOCUMENTATION_COMMENTS = YES;
				CLANG_WARN_EMPTY_BODY = YES;
				CLANG_WARN_ENUM_CONVERSION = YES;
				CLANG_WARN_INFINITE_RECURSION = YES;
				CLANG_WARN_INT_CONVERSION = YES;
				CLANG_WARN_NON_LITERAL_NULL_CONVERSION = YES;
				CLANG_WARN_OBJC_IMPLICIT_RETAIN_SELF = YES;
				CLANG_WARN_OBJC_LITERAL_CONVERSION = YES;
				CLANG_WARN_OBJC_ROOT_CLASS = YES_ERROR;
				CLANG_WARN_RANGE_LOOP_ANALYSIS = YES;
				CLANG_WARN_STRICT_PROTOTYPES = YES;
				CLANG_WARN_SUSPICIOUS_MOVE = YES;
				CLANG_WARN_UNGUARDED_AVAILABILITY = YES_AGGRESSIVE;
				CLANG_WARN_UNREACHABLE_CODE = YES;
				CLANG_WARN__DUPLICATE_METHOD_MATCH = YES;
				CODE_SIGN_IDENTITY = "iPhone Developer";
				COPY_PHASE_STRIP = NO;
				DEBUG_INFORMATION_FORMAT = dwarf;
				ENABLE_STRICT_OBJC_MSGSEND = YES;
				ENABLE_TESTABILITY = YES;
				FRAMEWORK_SEARCH_PATHS = "";
				GCC_C_LANGUAGE_STANDARD = gnu11;
				GCC_DYNAMIC_NO_PIC = NO;
				GCC_NO_COMMON_BLOCKS = YES;
				GCC_OPTIMIZATION_LEVEL = 0;
				GCC_PREPROCESSOR_DEFINITIONS = (
					"DEBUG=1",
					"$(inherited)",
				);
				GCC_WARN_64_TO_32_BIT_CONVERSION = YES;
				GCC_WARN_ABOUT_RETURN_TYPE = YES_ERROR;
				GCC_WARN_UNDECLARED_SELECTOR = YES;
				GCC_WARN_UNINITIALIZED_AUTOS = YES_AGGRESSIVE;
				GCC_WARN_UNUSED_FUNCTION = YES;
				GCC_WARN_UNUSED_VARIABLE = YES;
				IPHONEOS_DEPLOYMENT_TARGET = 12.1;
				MTL_ENABLE_DEBUG_INFO = INCLUDE_SOURCE;
				MTL_FAST_MATH = YES;
				ONLY_ACTIVE_ARCH = YES;
				SDKROOT = iphoneos;
				SWIFT_ACTIVE_COMPILATION_CONDITIONS = DEBUG;
				SWIFT_OPTIMIZATION_LEVEL = "-Onone";
			};
			name = Debug;
		};
		297FB9C121B51A34008D60CE /* Release */ = {
			isa = XCBuildConfiguration;
			buildSettings = {
				ALWAYS_SEARCH_USER_PATHS = NO;
				CLANG_ANALYZER_NONNULL = YES;
				CLANG_ANALYZER_NUMBER_OBJECT_CONVERSION = YES_AGGRESSIVE;
				CLANG_CXX_LANGUAGE_STANDARD = "gnu++14";
				CLANG_CXX_LIBRARY = "libc++";
				CLANG_ENABLE_MODULES = YES;
				CLANG_ENABLE_OBJC_ARC = YES;
				CLANG_ENABLE_OBJC_WEAK = YES;
				CLANG_WARN_BLOCK_CAPTURE_AUTORELEASING = YES;
				CLANG_WARN_BOOL_CONVERSION = YES;
				CLANG_WARN_COMMA = YES;
				CLANG_WARN_CONSTANT_CONVERSION = YES;
				CLANG_WARN_DEPRECATED_OBJC_IMPLEMENTATIONS = YES;
				CLANG_WARN_DIRECT_OBJC_ISA_USAGE = YES_ERROR;
				CLANG_WARN_DOCUMENTATION_COMMENTS = YES;
				CLANG_WARN_EMPTY_BODY = YES;
				CLANG_WARN_ENUM_CONVERSION = YES;
				CLANG_WARN_INFINITE_RECURSION = YES;
				CLANG_WARN_INT_CONVERSION = YES;
				CLANG_WARN_NON_LITERAL_NULL_CONVERSION = YES;
				CLANG_WARN_OBJC_IMPLICIT_RETAIN_SELF = YES;
				CLANG_WARN_OBJC_LITERAL_CONVERSION = YES;
				CLANG_WARN_OBJC_ROOT_CLASS = YES_ERROR;
				CLANG_WARN_RANGE_LOOP_ANALYSIS = YES;
				CLANG_WARN_STRICT_PROTOTYPES = YES;
				CLANG_WARN_SUSPICIOUS_MOVE = YES;
				CLANG_WARN_UNGUARDED_AVAILABILITY = YES_AGGRESSIVE;
				CLANG_WARN_UNREACHABLE_CODE = YES;
				CLANG_WARN__DUPLICATE_METHOD_MATCH = YES;
				CODE_SIGN_IDENTITY = "iPhone Developer";
				COPY_PHASE_STRIP = NO;
				DEBUG_INFORMATION_FORMAT = "dwarf-with-dsym";
				ENABLE_NS_ASSERTIONS = NO;
				ENABLE_STRICT_OBJC_MSGSEND = YES;
				FRAMEWORK_SEARCH_PATHS = "";
				GCC_C_LANGUAGE_STANDARD = gnu11;
				GCC_NO_COMMON_BLOCKS = YES;
				GCC_WARN_64_TO_32_BIT_CONVERSION = YES;
				GCC_WARN_ABOUT_RETURN_TYPE = YES_ERROR;
				GCC_WARN_UNDECLARED_SELECTOR = YES;
				GCC_WARN_UNINITIALIZED_AUTOS = YES_AGGRESSIVE;
				GCC_WARN_UNUSED_FUNCTION = YES;
				GCC_WARN_UNUSED_VARIABLE = YES;
				IPHONEOS_DEPLOYMENT_TARGET = 12.1;
				MTL_ENABLE_DEBUG_INFO = NO;
				MTL_FAST_MATH = YES;
				SDKROOT = iphoneos;
				SWIFT_COMPILATION_MODE = wholemodule;
				SWIFT_OPTIMIZATION_LEVEL = "-O";
				VALIDATE_PRODUCT = YES;
			};
			name = Release;
		};
		297FB9C321B51A34008D60CE /* Debug */ = {
			isa = XCBuildConfiguration;
			baseConfigurationReference = E9F864D4E9967EEA4C8CB382 /* Pods-NorthLoopFin.debug.xcconfig */;
			buildSettings = {
				ASSETCATALOG_COMPILER_APPICON_NAME = AppIcon;
				CODE_SIGN_STYLE = Automatic;
				DEVELOPMENT_TEAM = J3QD6LL9PP;
				FRAMEWORK_SEARCH_PATHS = (
					"$(SRCROOT)/**",
					"$(inherited)",
					"\"${PODS_CONFIGURATION_BUILD_DIR}/AFNetworking\"",
					"\"${PODS_CONFIGURATION_BUILD_DIR}/ReachabilitySwift\"",
					"\"${PODS_CONFIGURATION_BUILD_DIR}/SVProgressHUD\"",
				);
				INFOPLIST_FILE = NorthLoopFin/Info.plist;
				IPHONEOS_DEPLOYMENT_TARGET = 10.0;
				LD_RUNPATH_SEARCH_PATHS = (
					"$(inherited)",
					"@executable_path/Frameworks",
				);
				PRODUCT_BUNDLE_IDENTIFIER = com.northloop.NorthLoopFin;
				PRODUCT_NAME = "$(TARGET_NAME)";
				SWIFT_VERSION = 4.2;
				TARGETED_DEVICE_FAMILY = 1;
			};
			name = Debug;
		};
		297FB9C421B51A34008D60CE /* Release */ = {
			isa = XCBuildConfiguration;
			baseConfigurationReference = C7CD86218D875917CB75B3D8 /* Pods-NorthLoopFin.release.xcconfig */;
			buildSettings = {
				ASSETCATALOG_COMPILER_APPICON_NAME = AppIcon;
				CODE_SIGN_STYLE = Automatic;
				DEVELOPMENT_TEAM = J3QD6LL9PP;
				FRAMEWORK_SEARCH_PATHS = (
					"$(SRCROOT)/**",
					"$(inherited)",
					"\"${PODS_CONFIGURATION_BUILD_DIR}/AFNetworking\"",
					"\"${PODS_CONFIGURATION_BUILD_DIR}/ReachabilitySwift\"",
					"\"${PODS_CONFIGURATION_BUILD_DIR}/SVProgressHUD\"",
				);
				INFOPLIST_FILE = NorthLoopFin/Info.plist;
				IPHONEOS_DEPLOYMENT_TARGET = 10.0;
				LD_RUNPATH_SEARCH_PATHS = (
					"$(inherited)",
					"@executable_path/Frameworks",
				);
				PRODUCT_BUNDLE_IDENTIFIER = com.northloop.NorthLoopFin;
				PRODUCT_NAME = "$(TARGET_NAME)";
				SWIFT_VERSION = 4.2;
				TARGETED_DEVICE_FAMILY = 1;
			};
			name = Release;
		};
		297FB9C621B51A34008D60CE /* Debug */ = {
			isa = XCBuildConfiguration;
			baseConfigurationReference = 235F5AAA9380A8FB754C58D2 /* Pods-NorthLoopFinTests.debug.xcconfig */;
			buildSettings = {
				ALWAYS_EMBED_SWIFT_STANDARD_LIBRARIES = YES;
				BUNDLE_LOADER = "$(TEST_HOST)";
				CODE_SIGN_STYLE = Automatic;
				INFOPLIST_FILE = NorthLoopFinTests/Info.plist;
				LD_RUNPATH_SEARCH_PATHS = (
					"$(inherited)",
					"@executable_path/Frameworks",
					"@loader_path/Frameworks",
				);
				PRODUCT_BUNDLE_IDENTIFIER = com.northloop.NorthLoopFinTests;
				PRODUCT_NAME = "$(TARGET_NAME)";
				SWIFT_VERSION = 4.2;
				TARGETED_DEVICE_FAMILY = "1,2";
				TEST_HOST = "$(BUILT_PRODUCTS_DIR)/NorthLoopFin.app/NorthLoopFin";
			};
			name = Debug;
		};
		297FB9C721B51A34008D60CE /* Release */ = {
			isa = XCBuildConfiguration;
			baseConfigurationReference = 298CAB0623F715EE193F4F2D /* Pods-NorthLoopFinTests.release.xcconfig */;
			buildSettings = {
				ALWAYS_EMBED_SWIFT_STANDARD_LIBRARIES = YES;
				BUNDLE_LOADER = "$(TEST_HOST)";
				CODE_SIGN_STYLE = Automatic;
				INFOPLIST_FILE = NorthLoopFinTests/Info.plist;
				LD_RUNPATH_SEARCH_PATHS = (
					"$(inherited)",
					"@executable_path/Frameworks",
					"@loader_path/Frameworks",
				);
				PRODUCT_BUNDLE_IDENTIFIER = com.northloop.NorthLoopFinTests;
				PRODUCT_NAME = "$(TARGET_NAME)";
				SWIFT_VERSION = 4.2;
				TARGETED_DEVICE_FAMILY = "1,2";
				TEST_HOST = "$(BUILT_PRODUCTS_DIR)/NorthLoopFin.app/NorthLoopFin";
			};
			name = Release;
		};
		297FB9C921B51A34008D60CE /* Debug */ = {
			isa = XCBuildConfiguration;
			baseConfigurationReference = 3F7D083137E81A93B7BC6FB3 /* Pods-NorthLoopFinUITests.debug.xcconfig */;
			buildSettings = {
				ALWAYS_EMBED_SWIFT_STANDARD_LIBRARIES = YES;
				CODE_SIGN_STYLE = Automatic;
				INFOPLIST_FILE = NorthLoopFinUITests/Info.plist;
				LD_RUNPATH_SEARCH_PATHS = (
					"$(inherited)",
					"@executable_path/Frameworks",
					"@loader_path/Frameworks",
				);
				PRODUCT_BUNDLE_IDENTIFIER = com.northloop.NorthLoopFinUITests;
				PRODUCT_NAME = "$(TARGET_NAME)";
				SWIFT_VERSION = 4.2;
				TARGETED_DEVICE_FAMILY = "1,2";
				TEST_TARGET_NAME = NorthLoopFin;
			};
			name = Debug;
		};
		297FB9CA21B51A34008D60CE /* Release */ = {
			isa = XCBuildConfiguration;
			baseConfigurationReference = CC51A72AADCB05C7B834831E /* Pods-NorthLoopFinUITests.release.xcconfig */;
			buildSettings = {
				ALWAYS_EMBED_SWIFT_STANDARD_LIBRARIES = YES;
				CODE_SIGN_STYLE = Automatic;
				INFOPLIST_FILE = NorthLoopFinUITests/Info.plist;
				LD_RUNPATH_SEARCH_PATHS = (
					"$(inherited)",
					"@executable_path/Frameworks",
					"@loader_path/Frameworks",
				);
				PRODUCT_BUNDLE_IDENTIFIER = com.northloop.NorthLoopFinUITests;
				PRODUCT_NAME = "$(TARGET_NAME)";
				SWIFT_VERSION = 4.2;
				TARGETED_DEVICE_FAMILY = "1,2";
				TEST_TARGET_NAME = NorthLoopFin;
			};
			name = Release;
		};
		2985E5A921B6644F00CCA2AB /* Staging */ = {
			isa = XCBuildConfiguration;
			baseConfigurationReference = 297FB9F421B64EE0008D60CE /* Staging.xcconfig */;
			buildSettings = {
				ALWAYS_SEARCH_USER_PATHS = NO;
				CLANG_ANALYZER_NONNULL = YES;
				CLANG_ANALYZER_NUMBER_OBJECT_CONVERSION = YES_AGGRESSIVE;
				CLANG_CXX_LANGUAGE_STANDARD = "gnu++14";
				CLANG_CXX_LIBRARY = "libc++";
				CLANG_ENABLE_MODULES = YES;
				CLANG_ENABLE_OBJC_ARC = YES;
				CLANG_ENABLE_OBJC_WEAK = YES;
				CLANG_WARN_BLOCK_CAPTURE_AUTORELEASING = YES;
				CLANG_WARN_BOOL_CONVERSION = YES;
				CLANG_WARN_COMMA = YES;
				CLANG_WARN_CONSTANT_CONVERSION = YES;
				CLANG_WARN_DEPRECATED_OBJC_IMPLEMENTATIONS = YES;
				CLANG_WARN_DIRECT_OBJC_ISA_USAGE = YES_ERROR;
				CLANG_WARN_DOCUMENTATION_COMMENTS = YES;
				CLANG_WARN_EMPTY_BODY = YES;
				CLANG_WARN_ENUM_CONVERSION = YES;
				CLANG_WARN_INFINITE_RECURSION = YES;
				CLANG_WARN_INT_CONVERSION = YES;
				CLANG_WARN_NON_LITERAL_NULL_CONVERSION = YES;
				CLANG_WARN_OBJC_IMPLICIT_RETAIN_SELF = YES;
				CLANG_WARN_OBJC_LITERAL_CONVERSION = YES;
				CLANG_WARN_OBJC_ROOT_CLASS = YES_ERROR;
				CLANG_WARN_RANGE_LOOP_ANALYSIS = YES;
				CLANG_WARN_STRICT_PROTOTYPES = YES;
				CLANG_WARN_SUSPICIOUS_MOVE = YES;
				CLANG_WARN_UNGUARDED_AVAILABILITY = YES_AGGRESSIVE;
				CLANG_WARN_UNREACHABLE_CODE = YES;
				CLANG_WARN__DUPLICATE_METHOD_MATCH = YES;
				CODE_SIGN_IDENTITY = "iPhone Developer";
				COPY_PHASE_STRIP = NO;
				DEBUG_INFORMATION_FORMAT = dwarf;
				ENABLE_STRICT_OBJC_MSGSEND = YES;
				ENABLE_TESTABILITY = YES;
				FRAMEWORK_SEARCH_PATHS = "";
				GCC_C_LANGUAGE_STANDARD = gnu11;
				GCC_DYNAMIC_NO_PIC = NO;
				GCC_NO_COMMON_BLOCKS = YES;
				GCC_OPTIMIZATION_LEVEL = 0;
				GCC_PREPROCESSOR_DEFINITIONS = (
					"DEBUG=1",
					"$(inherited)",
				);
				GCC_WARN_64_TO_32_BIT_CONVERSION = YES;
				GCC_WARN_ABOUT_RETURN_TYPE = YES_ERROR;
				GCC_WARN_UNDECLARED_SELECTOR = YES;
				GCC_WARN_UNINITIALIZED_AUTOS = YES_AGGRESSIVE;
				GCC_WARN_UNUSED_FUNCTION = YES;
				GCC_WARN_UNUSED_VARIABLE = YES;
				IPHONEOS_DEPLOYMENT_TARGET = 12.1;
				MTL_ENABLE_DEBUG_INFO = INCLUDE_SOURCE;
				MTL_FAST_MATH = YES;
				ONLY_ACTIVE_ARCH = YES;
				SDKROOT = iphoneos;
				SWIFT_ACTIVE_COMPILATION_CONDITIONS = DEBUG;
				SWIFT_OPTIMIZATION_LEVEL = "-Onone";
			};
			name = Staging;
		};
		2985E5AA21B6644F00CCA2AB /* Staging */ = {
			isa = XCBuildConfiguration;
			baseConfigurationReference = 44B1E2C4395260AA2C23AFF5 /* Pods-NorthLoopFin.staging.xcconfig */;
			buildSettings = {
				ASSETCATALOG_COMPILER_APPICON_NAME = AppIcon;
				CODE_SIGN_STYLE = Automatic;
				DEVELOPMENT_TEAM = J3QD6LL9PP;
				FRAMEWORK_SEARCH_PATHS = (
					"$(SRCROOT)/**",
					"$(inherited)",
					"\"${PODS_CONFIGURATION_BUILD_DIR}/AFNetworking\"",
					"\"${PODS_CONFIGURATION_BUILD_DIR}/ReachabilitySwift\"",
					"\"${PODS_CONFIGURATION_BUILD_DIR}/SVProgressHUD\"",
				);
				INFOPLIST_FILE = NorthLoopFin/Info.plist;
				IPHONEOS_DEPLOYMENT_TARGET = 10.0;
				LD_RUNPATH_SEARCH_PATHS = (
					"$(inherited)",
					"@executable_path/Frameworks",
				);
				PRODUCT_BUNDLE_IDENTIFIER = com.northloop.NorthLoopFin;
				PRODUCT_NAME = "$(TARGET_NAME)";
				SWIFT_VERSION = 4.2;
				TARGETED_DEVICE_FAMILY = 1;
			};
			name = Staging;
		};
		2985E5AB21B6644F00CCA2AB /* Staging */ = {
			isa = XCBuildConfiguration;
			baseConfigurationReference = 4FE18586CD8D3F50E9C70CA2 /* Pods-NorthLoopFinTests.staging.xcconfig */;
			buildSettings = {
				ALWAYS_EMBED_SWIFT_STANDARD_LIBRARIES = YES;
				BUNDLE_LOADER = "$(TEST_HOST)";
				CODE_SIGN_STYLE = Automatic;
				INFOPLIST_FILE = NorthLoopFinTests/Info.plist;
				LD_RUNPATH_SEARCH_PATHS = (
					"$(inherited)",
					"@executable_path/Frameworks",
					"@loader_path/Frameworks",
				);
				PRODUCT_BUNDLE_IDENTIFIER = com.northloop.NorthLoopFinTests;
				PRODUCT_NAME = "$(TARGET_NAME)";
				SWIFT_VERSION = 4.2;
				TARGETED_DEVICE_FAMILY = "1,2";
				TEST_HOST = "$(BUILT_PRODUCTS_DIR)/NorthLoopFin.app/NorthLoopFin";
			};
			name = Staging;
		};
		2985E5AC21B6644F00CCA2AB /* Staging */ = {
			isa = XCBuildConfiguration;
			baseConfigurationReference = D2C0CA2F4F7F5E5508F01524 /* Pods-NorthLoopFinUITests.staging.xcconfig */;
			buildSettings = {
				ALWAYS_EMBED_SWIFT_STANDARD_LIBRARIES = YES;
				CODE_SIGN_STYLE = Automatic;
				INFOPLIST_FILE = NorthLoopFinUITests/Info.plist;
				LD_RUNPATH_SEARCH_PATHS = (
					"$(inherited)",
					"@executable_path/Frameworks",
					"@loader_path/Frameworks",
				);
				PRODUCT_BUNDLE_IDENTIFIER = com.northloop.NorthLoopFinUITests;
				PRODUCT_NAME = "$(TARGET_NAME)";
				SWIFT_VERSION = 4.2;
				TARGETED_DEVICE_FAMILY = "1,2";
				TEST_TARGET_NAME = NorthLoopFin;
			};
			name = Staging;
		};
		2985E5AD21B6647B00CCA2AB /* Production */ = {
			isa = XCBuildConfiguration;
			baseConfigurationReference = 297FB9F521B64EF4008D60CE /* Production.xcconfig */;
			buildSettings = {
				ALWAYS_SEARCH_USER_PATHS = NO;
				CLANG_ANALYZER_NONNULL = YES;
				CLANG_ANALYZER_NUMBER_OBJECT_CONVERSION = YES_AGGRESSIVE;
				CLANG_CXX_LANGUAGE_STANDARD = "gnu++14";
				CLANG_CXX_LIBRARY = "libc++";
				CLANG_ENABLE_MODULES = YES;
				CLANG_ENABLE_OBJC_ARC = YES;
				CLANG_ENABLE_OBJC_WEAK = YES;
				CLANG_WARN_BLOCK_CAPTURE_AUTORELEASING = YES;
				CLANG_WARN_BOOL_CONVERSION = YES;
				CLANG_WARN_COMMA = YES;
				CLANG_WARN_CONSTANT_CONVERSION = YES;
				CLANG_WARN_DEPRECATED_OBJC_IMPLEMENTATIONS = YES;
				CLANG_WARN_DIRECT_OBJC_ISA_USAGE = YES_ERROR;
				CLANG_WARN_DOCUMENTATION_COMMENTS = YES;
				CLANG_WARN_EMPTY_BODY = YES;
				CLANG_WARN_ENUM_CONVERSION = YES;
				CLANG_WARN_INFINITE_RECURSION = YES;
				CLANG_WARN_INT_CONVERSION = YES;
				CLANG_WARN_NON_LITERAL_NULL_CONVERSION = YES;
				CLANG_WARN_OBJC_IMPLICIT_RETAIN_SELF = YES;
				CLANG_WARN_OBJC_LITERAL_CONVERSION = YES;
				CLANG_WARN_OBJC_ROOT_CLASS = YES_ERROR;
				CLANG_WARN_RANGE_LOOP_ANALYSIS = YES;
				CLANG_WARN_STRICT_PROTOTYPES = YES;
				CLANG_WARN_SUSPICIOUS_MOVE = YES;
				CLANG_WARN_UNGUARDED_AVAILABILITY = YES_AGGRESSIVE;
				CLANG_WARN_UNREACHABLE_CODE = YES;
				CLANG_WARN__DUPLICATE_METHOD_MATCH = YES;
				CODE_SIGN_IDENTITY = "iPhone Developer";
				COPY_PHASE_STRIP = NO;
				DEBUG_INFORMATION_FORMAT = dwarf;
				ENABLE_STRICT_OBJC_MSGSEND = YES;
				ENABLE_TESTABILITY = YES;
				FRAMEWORK_SEARCH_PATHS = "";
				GCC_C_LANGUAGE_STANDARD = gnu11;
				GCC_DYNAMIC_NO_PIC = NO;
				GCC_NO_COMMON_BLOCKS = YES;
				GCC_OPTIMIZATION_LEVEL = 0;
				GCC_PREPROCESSOR_DEFINITIONS = (
					"DEBUG=1",
					"$(inherited)",
				);
				GCC_WARN_64_TO_32_BIT_CONVERSION = YES;
				GCC_WARN_ABOUT_RETURN_TYPE = YES_ERROR;
				GCC_WARN_UNDECLARED_SELECTOR = YES;
				GCC_WARN_UNINITIALIZED_AUTOS = YES_AGGRESSIVE;
				GCC_WARN_UNUSED_FUNCTION = YES;
				GCC_WARN_UNUSED_VARIABLE = YES;
				IPHONEOS_DEPLOYMENT_TARGET = 12.1;
				MTL_ENABLE_DEBUG_INFO = INCLUDE_SOURCE;
				MTL_FAST_MATH = YES;
				ONLY_ACTIVE_ARCH = YES;
				SDKROOT = iphoneos;
				SWIFT_ACTIVE_COMPILATION_CONDITIONS = DEBUG;
				SWIFT_OPTIMIZATION_LEVEL = "-Onone";
			};
			name = Production;
		};
		2985E5AE21B6647B00CCA2AB /* Production */ = {
			isa = XCBuildConfiguration;
			baseConfigurationReference = AFEBC3A71689B1C6213DC81C /* Pods-NorthLoopFin.production.xcconfig */;
			buildSettings = {
				ASSETCATALOG_COMPILER_APPICON_NAME = AppIcon;
				CODE_SIGN_STYLE = Automatic;
				DEVELOPMENT_TEAM = J3QD6LL9PP;
				FRAMEWORK_SEARCH_PATHS = (
					"$(SRCROOT)/**",
					"$(inherited)",
					"\"${PODS_CONFIGURATION_BUILD_DIR}/AFNetworking\"",
					"\"${PODS_CONFIGURATION_BUILD_DIR}/ReachabilitySwift\"",
					"\"${PODS_CONFIGURATION_BUILD_DIR}/SVProgressHUD\"",
				);
				INFOPLIST_FILE = NorthLoopFin/Info.plist;
				IPHONEOS_DEPLOYMENT_TARGET = 10.0;
				LD_RUNPATH_SEARCH_PATHS = (
					"$(inherited)",
					"@executable_path/Frameworks",
				);
				PRODUCT_BUNDLE_IDENTIFIER = com.northloop.NorthLoopFin;
				PRODUCT_NAME = "$(TARGET_NAME)";
				SWIFT_VERSION = 4.2;
				TARGETED_DEVICE_FAMILY = 1;
			};
			name = Production;
		};
		2985E5AF21B6647B00CCA2AB /* Production */ = {
			isa = XCBuildConfiguration;
			baseConfigurationReference = 3E77A97A965E68B582769403 /* Pods-NorthLoopFinTests.production.xcconfig */;
			buildSettings = {
				ALWAYS_EMBED_SWIFT_STANDARD_LIBRARIES = YES;
				BUNDLE_LOADER = "$(TEST_HOST)";
				CODE_SIGN_STYLE = Automatic;
				INFOPLIST_FILE = NorthLoopFinTests/Info.plist;
				LD_RUNPATH_SEARCH_PATHS = (
					"$(inherited)",
					"@executable_path/Frameworks",
					"@loader_path/Frameworks",
				);
				PRODUCT_BUNDLE_IDENTIFIER = com.northloop.NorthLoopFinTests;
				PRODUCT_NAME = "$(TARGET_NAME)";
				SWIFT_VERSION = 4.2;
				TARGETED_DEVICE_FAMILY = "1,2";
				TEST_HOST = "$(BUILT_PRODUCTS_DIR)/NorthLoopFin.app/NorthLoopFin";
			};
			name = Production;
		};
		2985E5B021B6647B00CCA2AB /* Production */ = {
			isa = XCBuildConfiguration;
			baseConfigurationReference = F05C98038699AA9883A8B0D9 /* Pods-NorthLoopFinUITests.production.xcconfig */;
			buildSettings = {
				ALWAYS_EMBED_SWIFT_STANDARD_LIBRARIES = YES;
				CODE_SIGN_STYLE = Automatic;
				INFOPLIST_FILE = NorthLoopFinUITests/Info.plist;
				LD_RUNPATH_SEARCH_PATHS = (
					"$(inherited)",
					"@executable_path/Frameworks",
					"@loader_path/Frameworks",
				);
				PRODUCT_BUNDLE_IDENTIFIER = com.northloop.NorthLoopFinUITests;
				PRODUCT_NAME = "$(TARGET_NAME)";
				SWIFT_VERSION = 4.2;
				TARGETED_DEVICE_FAMILY = "1,2";
				TEST_TARGET_NAME = NorthLoopFin;
			};
			name = Production;
		};
/* End XCBuildConfiguration section */

/* Begin XCConfigurationList section */
		297FB99521B51A32008D60CE /* Build configuration list for PBXProject "NorthLoopFin" */ = {
			isa = XCConfigurationList;
			buildConfigurations = (
				297FB9C021B51A34008D60CE /* Debug */,
				2985E5AD21B6647B00CCA2AB /* Production */,
				2985E5A921B6644F00CCA2AB /* Staging */,
				297FB9C121B51A34008D60CE /* Release */,
			);
			defaultConfigurationIsVisible = 0;
			defaultConfigurationName = Release;
		};
		297FB9C221B51A34008D60CE /* Build configuration list for PBXNativeTarget "NorthLoopFin" */ = {
			isa = XCConfigurationList;
			buildConfigurations = (
				297FB9C321B51A34008D60CE /* Debug */,
				2985E5AE21B6647B00CCA2AB /* Production */,
				2985E5AA21B6644F00CCA2AB /* Staging */,
				297FB9C421B51A34008D60CE /* Release */,
			);
			defaultConfigurationIsVisible = 0;
			defaultConfigurationName = Release;
		};
		297FB9C521B51A34008D60CE /* Build configuration list for PBXNativeTarget "NorthLoopFinTests" */ = {
			isa = XCConfigurationList;
			buildConfigurations = (
				297FB9C621B51A34008D60CE /* Debug */,
				2985E5AF21B6647B00CCA2AB /* Production */,
				2985E5AB21B6644F00CCA2AB /* Staging */,
				297FB9C721B51A34008D60CE /* Release */,
			);
			defaultConfigurationIsVisible = 0;
			defaultConfigurationName = Release;
		};
		297FB9C821B51A34008D60CE /* Build configuration list for PBXNativeTarget "NorthLoopFinUITests" */ = {
			isa = XCConfigurationList;
			buildConfigurations = (
				297FB9C921B51A34008D60CE /* Debug */,
				2985E5B021B6647B00CCA2AB /* Production */,
				2985E5AC21B6644F00CCA2AB /* Staging */,
				297FB9CA21B51A34008D60CE /* Release */,
			);
			defaultConfigurationIsVisible = 0;
			defaultConfigurationName = Release;
		};
/* End XCConfigurationList section */
	};
	rootObject = 297FB99221B51A32008D60CE /* Project object */;
}
